
Microsoft Visual Studio Solution File, Format Version 12.00
# Visual Studio Version 16
VisualStudioVersion = 16.0.30621.155
MinimumVisualStudioVersion = 10.0.40219.1
Project("{9A19103F-16F7-4668-BE54-9A1E7A4F7556}") = "P42.Uno.AsyncNavigation", "P42.Uno.AsyncNavigation\P42.Uno.AsyncNavigation.csproj", "{0424D5EF-87D6-401E-98DE-203C14A3CC0D}"
EndProject
Project("{2150E333-8FDC-42A3-9474-1A3956D46DE8}") = "Sample", "Sample", "{1734014C-AE73-4F69-B495-57A9C19C9872}"
EndProject
Project("{D954291E-2A0B-460D-934E-DC6B0785DB48}") = "P42.Uno.AsyncNavigation.Sample.Shared", "P42.Uno.AsyncNavigation.Sample\P42.Uno.AsyncNavigation.Sample.Shared\P42.Uno.AsyncNavigation.Sample.Shared.shproj", "{6279C845-92F8-4333-AB99-3D213163593C}"
EndProject
Project("{FAE04EC0-301F-11D3-BF4B-00C04F79EFBC}") = "P42.Uno.AsyncNavigation.Sample.Droid", "P42.Uno.AsyncNavigation.Sample\P42.Uno.AsyncNavigation.Sample.Droid\P42.Uno.AsyncNavigation.Sample.Droid.csproj", "{4A4A0EA1-2FC2-4472-8AA6-BA8F8317BE61}"
EndProject
Project("{FAE04EC0-301F-11D3-BF4B-00C04F79EFBC}") = "P42.Uno.AsyncNavigation.Sample.iOS", "P42.Uno.AsyncNavigation.Sample\P42.Uno.AsyncNavigation.Sample.iOS\P42.Uno.AsyncNavigation.Sample.iOS.csproj", "{1DD16BB2-E2A7-4604-965B-D1CF3F83922F}"
EndProject
Project("{FAE04EC0-301F-11D3-BF4B-00C04F79EFBC}") = "P42.Uno.AsyncNavigation.Sample.UWP", "P42.Uno.AsyncNavigation.Sample\P42.Uno.AsyncNavigation.Sample.UWP\P42.Uno.AsyncNavigation.Sample.UWP.csproj", "{7716EE7B-B3D5-450A-ABCE-977DDAD51CAF}"
EndProject
Project("{9A19103F-16F7-4668-BE54-9A1E7A4F7556}") = "P42.Uno.AsyncNavigation.Sample.Wasm", "P42.Uno.AsyncNavigation.Sample\P42.Uno.AsyncNavigation.Sample.Wasm\P42.Uno.AsyncNavigation.Sample.Wasm.csproj", "{6118C05D-82E9-4150-8EF0-3B43E5050409}"
EndProject
Project("{FAE04EC0-301F-11D3-BF4B-00C04F79EFBC}") = "P42.Uno.AsyncNavigation.Sample.macOS", "P42.Uno.AsyncNavigation.Sample\P42.Uno.AsyncNavigation.Sample.macOS\P42.Uno.AsyncNavigation.Sample.macOS.csproj", "{7130D60B-92EF-402D-B155-0DFF1A2F0A5B}"
EndProject
Project("{9A19103F-16F7-4668-BE54-9A1E7A4F7556}") = "P42.Uno.AsyncNavigation.Sample.Skia.Wpf.Host", "P42.Uno.AsyncNavigation.Sample\P42.Uno.AsyncNavigation.Sample.Skia.Wpf.Host\P42.Uno.AsyncNavigation.Sample.Skia.Wpf.Host.csproj", "{8C345E85-404E-4A74-89F0-BD67C9B57738}"
EndProject
Project("{9A19103F-16F7-4668-BE54-9A1E7A4F7556}") = "P42.Uno.AsyncNavigation.Sample.Skia.Wpf", "P42.Uno.AsyncNavigation.Sample\P42.Uno.AsyncNavigation.Sample.Skia.Wpf\P42.Uno.AsyncNavigation.Sample.Skia.Wpf.csproj", "{891841F9-E024-476A-85D5-1EF5DA41C954}"
EndProject
Project("{9A19103F-16F7-4668-BE54-9A1E7A4F7556}") = "P42.Uno.AsyncNavigation.Sample.Skia.Gtk", "P42.Uno.AsyncNavigation.Sample\P42.Uno.AsyncNavigation.Sample.Skia.Gtk\P42.Uno.AsyncNavigation.Sample.Skia.Gtk.csproj", "{22CB00C7-E555-4306-B0E9-7ED9CE463EC7}"
EndProject
Project("{2150E333-8FDC-42A3-9474-1A3956D46DE8}") = "Platform Projects", "Platform Projects", "{C3A4AA4E-E7F4-4D08-AB6C-AB589AAD5BA3}"
EndProject
Global
	GlobalSection(SharedMSBuildProjectFiles) = preSolution
		P42.Uno.AsyncNavigation.Sample\P42.Uno.AsyncNavigation.Sample.Shared\P42.Uno.AsyncNavigation.Sample.Shared.projitems*{1dd16bb2-e2a7-4604-965b-d1cf3f83922f}*SharedItemsImports = 4
		P42.Uno.AsyncNavigation.Sample\P42.Uno.AsyncNavigation.Sample.Shared\P42.Uno.AsyncNavigation.Sample.Shared.projitems*{22cb00c7-e555-4306-b0e9-7ed9ce463ec7}*SharedItemsImports = 5
		P42.Uno.AsyncNavigation.Sample\P42.Uno.AsyncNavigation.Sample.Shared\P42.Uno.AsyncNavigation.Sample.Shared.projitems*{4a4a0ea1-2fc2-4472-8aa6-ba8f8317be61}*SharedItemsImports = 4
		P42.Uno.AsyncNavigation.Sample\P42.Uno.AsyncNavigation.Sample.Shared\P42.Uno.AsyncNavigation.Sample.Shared.projitems*{6118c05d-82e9-4150-8ef0-3b43e5050409}*SharedItemsImports = 5
		P42.Uno.AsyncNavigation.Sample\P42.Uno.AsyncNavigation.Sample.Shared\P42.Uno.AsyncNavigation.Sample.Shared.projitems*{6279c845-92f8-4333-ab99-3d213163593c}*SharedItemsImports = 13
		P42.Uno.AsyncNavigation.Sample\P42.Uno.AsyncNavigation.Sample.Shared\P42.Uno.AsyncNavigation.Sample.Shared.projitems*{7130d60b-92ef-402d-b155-0dff1a2f0a5b}*SharedItemsImports = 4
		P42.Uno.AsyncNavigation.Sample\P42.Uno.AsyncNavigation.Sample.Shared\P42.Uno.AsyncNavigation.Sample.Shared.projitems*{7716ee7b-b3d5-450a-abce-977ddad51caf}*SharedItemsImports = 4
		P42.Uno.AsyncNavigation.Sample\P42.Uno.AsyncNavigation.Sample.Shared\P42.Uno.AsyncNavigation.Sample.Shared.projitems*{891841f9-e024-476a-85d5-1ef5da41c954}*SharedItemsImports = 5
	EndGlobalSection
	GlobalSection(SolutionConfigurationPlatforms) = preSolution
		Ad-Hoc|Any CPU = Ad-Hoc|Any CPU
		Ad-Hoc|ARM = Ad-Hoc|ARM
		Ad-Hoc|ARM64 = Ad-Hoc|ARM64
		Ad-Hoc|iPhone = Ad-Hoc|iPhone
		Ad-Hoc|iPhoneSimulator = Ad-Hoc|iPhoneSimulator
		Ad-Hoc|x64 = Ad-Hoc|x64
		Ad-Hoc|x86 = Ad-Hoc|x86
		AppStore|Any CPU = AppStore|Any CPU
		AppStore|ARM = AppStore|ARM
		AppStore|ARM64 = AppStore|ARM64
		AppStore|iPhone = AppStore|iPhone
		AppStore|iPhoneSimulator = AppStore|iPhoneSimulator
		AppStore|x64 = AppStore|x64
		AppStore|x86 = AppStore|x86
		Debug|Any CPU = Debug|Any CPU
		Debug|ARM = Debug|ARM
		Debug|ARM64 = Debug|ARM64
		Debug|iPhone = Debug|iPhone
		Debug|iPhoneSimulator = Debug|iPhoneSimulator
		Debug|x64 = Debug|x64
		Debug|x86 = Debug|x86
		Release|Any CPU = Release|Any CPU
		Release|ARM = Release|ARM
		Release|ARM64 = Release|ARM64
		Release|iPhone = Release|iPhone
		Release|iPhoneSimulator = Release|iPhoneSimulator
		Release|x64 = Release|x64
		Release|x86 = Release|x86
	EndGlobalSection
	GlobalSection(ProjectConfigurationPlatforms) = postSolution
		{0424D5EF-87D6-401E-98DE-203C14A3CC0D}.Ad-Hoc|Any CPU.ActiveCfg = Debug|Any CPU
		{0424D5EF-87D6-401E-98DE-203C14A3CC0D}.Ad-Hoc|Any CPU.Build.0 = Debug|Any CPU
		{0424D5EF-87D6-401E-98DE-203C14A3CC0D}.Ad-Hoc|ARM.ActiveCfg = Debug|Any CPU
		{0424D5EF-87D6-401E-98DE-203C14A3CC0D}.Ad-Hoc|ARM.Build.0 = Debug|Any CPU
		{0424D5EF-87D6-401E-98DE-203C14A3CC0D}.Ad-Hoc|ARM64.ActiveCfg = Debug|Any CPU
		{0424D5EF-87D6-401E-98DE-203C14A3CC0D}.Ad-Hoc|ARM64.Build.0 = Debug|Any CPU
		{0424D5EF-87D6-401E-98DE-203C14A3CC0D}.Ad-Hoc|iPhone.ActiveCfg = Debug|Any CPU
		{0424D5EF-87D6-401E-98DE-203C14A3CC0D}.Ad-Hoc|iPhone.Build.0 = Debug|Any CPU
		{0424D5EF-87D6-401E-98DE-203C14A3CC0D}.Ad-Hoc|iPhoneSimulator.ActiveCfg = Debug|Any CPU
		{0424D5EF-87D6-401E-98DE-203C14A3CC0D}.Ad-Hoc|iPhoneSimulator.Build.0 = Debug|Any CPU
		{0424D5EF-87D6-401E-98DE-203C14A3CC0D}.Ad-Hoc|x64.ActiveCfg = Debug|Any CPU
		{0424D5EF-87D6-401E-98DE-203C14A3CC0D}.Ad-Hoc|x64.Build.0 = Debug|Any CPU
		{0424D5EF-87D6-401E-98DE-203C14A3CC0D}.Ad-Hoc|x86.ActiveCfg = Debug|Any CPU
		{0424D5EF-87D6-401E-98DE-203C14A3CC0D}.Ad-Hoc|x86.Build.0 = Debug|Any CPU
		{0424D5EF-87D6-401E-98DE-203C14A3CC0D}.AppStore|Any CPU.ActiveCfg = Debug|Any CPU
		{0424D5EF-87D6-401E-98DE-203C14A3CC0D}.AppStore|Any CPU.Build.0 = Debug|Any CPU
		{0424D5EF-87D6-401E-98DE-203C14A3CC0D}.AppStore|ARM.ActiveCfg = Debug|Any CPU
		{0424D5EF-87D6-401E-98DE-203C14A3CC0D}.AppStore|ARM.Build.0 = Debug|Any CPU
		{0424D5EF-87D6-401E-98DE-203C14A3CC0D}.AppStore|ARM64.ActiveCfg = Debug|Any CPU
		{0424D5EF-87D6-401E-98DE-203C14A3CC0D}.AppStore|ARM64.Build.0 = Debug|Any CPU
		{0424D5EF-87D6-401E-98DE-203C14A3CC0D}.AppStore|iPhone.ActiveCfg = Debug|Any CPU
		{0424D5EF-87D6-401E-98DE-203C14A3CC0D}.AppStore|iPhone.Build.0 = Debug|Any CPU
		{0424D5EF-87D6-401E-98DE-203C14A3CC0D}.AppStore|iPhoneSimulator.ActiveCfg = Debug|Any CPU
		{0424D5EF-87D6-401E-98DE-203C14A3CC0D}.AppStore|iPhoneSimulator.Build.0 = Debug|Any CPU
		{0424D5EF-87D6-401E-98DE-203C14A3CC0D}.AppStore|x64.ActiveCfg = Debug|Any CPU
		{0424D5EF-87D6-401E-98DE-203C14A3CC0D}.AppStore|x64.Build.0 = Debug|Any CPU
		{0424D5EF-87D6-401E-98DE-203C14A3CC0D}.AppStore|x86.ActiveCfg = Debug|Any CPU
		{0424D5EF-87D6-401E-98DE-203C14A3CC0D}.AppStore|x86.Build.0 = Debug|Any CPU
		{0424D5EF-87D6-401E-98DE-203C14A3CC0D}.Debug|Any CPU.ActiveCfg = Debug|Any CPU
		{0424D5EF-87D6-401E-98DE-203C14A3CC0D}.Debug|Any CPU.Build.0 = Debug|Any CPU
		{0424D5EF-87D6-401E-98DE-203C14A3CC0D}.Debug|ARM.ActiveCfg = Debug|Any CPU
		{0424D5EF-87D6-401E-98DE-203C14A3CC0D}.Debug|ARM.Build.0 = Debug|Any CPU
		{0424D5EF-87D6-401E-98DE-203C14A3CC0D}.Debug|ARM64.ActiveCfg = Debug|Any CPU
		{0424D5EF-87D6-401E-98DE-203C14A3CC0D}.Debug|ARM64.Build.0 = Debug|Any CPU
		{0424D5EF-87D6-401E-98DE-203C14A3CC0D}.Debug|iPhone.ActiveCfg = Debug|Any CPU
		{0424D5EF-87D6-401E-98DE-203C14A3CC0D}.Debug|iPhone.Build.0 = Debug|Any CPU
		{0424D5EF-87D6-401E-98DE-203C14A3CC0D}.Debug|iPhoneSimulator.ActiveCfg = Debug|Any CPU
		{0424D5EF-87D6-401E-98DE-203C14A3CC0D}.Debug|iPhoneSimulator.Build.0 = Debug|Any CPU
		{0424D5EF-87D6-401E-98DE-203C14A3CC0D}.Debug|x64.ActiveCfg = Debug|Any CPU
		{0424D5EF-87D6-401E-98DE-203C14A3CC0D}.Debug|x64.Build.0 = Debug|Any CPU
		{0424D5EF-87D6-401E-98DE-203C14A3CC0D}.Debug|x86.ActiveCfg = Debug|Any CPU
		{0424D5EF-87D6-401E-98DE-203C14A3CC0D}.Debug|x86.Build.0 = Debug|Any CPU
		{0424D5EF-87D6-401E-98DE-203C14A3CC0D}.Release|Any CPU.ActiveCfg = Release|Any CPU
		{0424D5EF-87D6-401E-98DE-203C14A3CC0D}.Release|Any CPU.Build.0 = Release|Any CPU
		{0424D5EF-87D6-401E-98DE-203C14A3CC0D}.Release|ARM.ActiveCfg = Release|Any CPU
		{0424D5EF-87D6-401E-98DE-203C14A3CC0D}.Release|ARM.Build.0 = Release|Any CPU
		{0424D5EF-87D6-401E-98DE-203C14A3CC0D}.Release|ARM64.ActiveCfg = Release|Any CPU
		{0424D5EF-87D6-401E-98DE-203C14A3CC0D}.Release|ARM64.Build.0 = Release|Any CPU
		{0424D5EF-87D6-401E-98DE-203C14A3CC0D}.Release|iPhone.ActiveCfg = Release|Any CPU
		{0424D5EF-87D6-401E-98DE-203C14A3CC0D}.Release|iPhone.Build.0 = Release|Any CPU
		{0424D5EF-87D6-401E-98DE-203C14A3CC0D}.Release|iPhoneSimulator.ActiveCfg = Release|Any CPU
		{0424D5EF-87D6-401E-98DE-203C14A3CC0D}.Release|iPhoneSimulator.Build.0 = Release|Any CPU
		{0424D5EF-87D6-401E-98DE-203C14A3CC0D}.Release|x64.ActiveCfg = Release|Any CPU
		{0424D5EF-87D6-401E-98DE-203C14A3CC0D}.Release|x64.Build.0 = Release|Any CPU
		{0424D5EF-87D6-401E-98DE-203C14A3CC0D}.Release|x86.ActiveCfg = Release|Any CPU
		{0424D5EF-87D6-401E-98DE-203C14A3CC0D}.Release|x86.Build.0 = Release|Any CPU
		{4A4A0EA1-2FC2-4472-8AA6-BA8F8317BE61}.Ad-Hoc|Any CPU.ActiveCfg = Debug|Any CPU
		{4A4A0EA1-2FC2-4472-8AA6-BA8F8317BE61}.Ad-Hoc|Any CPU.Build.0 = Debug|Any CPU
		{4A4A0EA1-2FC2-4472-8AA6-BA8F8317BE61}.Ad-Hoc|Any CPU.Deploy.0 = Debug|Any CPU
		{4A4A0EA1-2FC2-4472-8AA6-BA8F8317BE61}.Ad-Hoc|ARM.ActiveCfg = Debug|Any CPU
		{4A4A0EA1-2FC2-4472-8AA6-BA8F8317BE61}.Ad-Hoc|ARM.Build.0 = Debug|Any CPU
		{4A4A0EA1-2FC2-4472-8AA6-BA8F8317BE61}.Ad-Hoc|ARM.Deploy.0 = Debug|Any CPU
		{4A4A0EA1-2FC2-4472-8AA6-BA8F8317BE61}.Ad-Hoc|ARM64.ActiveCfg = Debug|Any CPU
		{4A4A0EA1-2FC2-4472-8AA6-BA8F8317BE61}.Ad-Hoc|ARM64.Build.0 = Debug|Any CPU
		{4A4A0EA1-2FC2-4472-8AA6-BA8F8317BE61}.Ad-Hoc|ARM64.Deploy.0 = Debug|Any CPU
		{4A4A0EA1-2FC2-4472-8AA6-BA8F8317BE61}.Ad-Hoc|iPhone.ActiveCfg = Debug|Any CPU
		{4A4A0EA1-2FC2-4472-8AA6-BA8F8317BE61}.Ad-Hoc|iPhone.Build.0 = Debug|Any CPU
		{4A4A0EA1-2FC2-4472-8AA6-BA8F8317BE61}.Ad-Hoc|iPhone.Deploy.0 = Debug|Any CPU
		{4A4A0EA1-2FC2-4472-8AA6-BA8F8317BE61}.Ad-Hoc|iPhoneSimulator.ActiveCfg = Debug|Any CPU
		{4A4A0EA1-2FC2-4472-8AA6-BA8F8317BE61}.Ad-Hoc|iPhoneSimulator.Build.0 = Debug|Any CPU
		{4A4A0EA1-2FC2-4472-8AA6-BA8F8317BE61}.Ad-Hoc|iPhoneSimulator.Deploy.0 = Debug|Any CPU
		{4A4A0EA1-2FC2-4472-8AA6-BA8F8317BE61}.Ad-Hoc|x64.ActiveCfg = Debug|Any CPU
		{4A4A0EA1-2FC2-4472-8AA6-BA8F8317BE61}.Ad-Hoc|x64.Build.0 = Debug|Any CPU
		{4A4A0EA1-2FC2-4472-8AA6-BA8F8317BE61}.Ad-Hoc|x64.Deploy.0 = Debug|Any CPU
		{4A4A0EA1-2FC2-4472-8AA6-BA8F8317BE61}.Ad-Hoc|x86.ActiveCfg = Debug|Any CPU
		{4A4A0EA1-2FC2-4472-8AA6-BA8F8317BE61}.Ad-Hoc|x86.Build.0 = Debug|Any CPU
		{4A4A0EA1-2FC2-4472-8AA6-BA8F8317BE61}.Ad-Hoc|x86.Deploy.0 = Debug|Any CPU
		{4A4A0EA1-2FC2-4472-8AA6-BA8F8317BE61}.AppStore|Any CPU.ActiveCfg = Debug|Any CPU
		{4A4A0EA1-2FC2-4472-8AA6-BA8F8317BE61}.AppStore|Any CPU.Build.0 = Debug|Any CPU
		{4A4A0EA1-2FC2-4472-8AA6-BA8F8317BE61}.AppStore|Any CPU.Deploy.0 = Debug|Any CPU
		{4A4A0EA1-2FC2-4472-8AA6-BA8F8317BE61}.AppStore|ARM.ActiveCfg = Debug|Any CPU
		{4A4A0EA1-2FC2-4472-8AA6-BA8F8317BE61}.AppStore|ARM.Build.0 = Debug|Any CPU
		{4A4A0EA1-2FC2-4472-8AA6-BA8F8317BE61}.AppStore|ARM.Deploy.0 = Debug|Any CPU
		{4A4A0EA1-2FC2-4472-8AA6-BA8F8317BE61}.AppStore|ARM64.ActiveCfg = Debug|Any CPU
		{4A4A0EA1-2FC2-4472-8AA6-BA8F8317BE61}.AppStore|ARM64.Build.0 = Debug|Any CPU
		{4A4A0EA1-2FC2-4472-8AA6-BA8F8317BE61}.AppStore|ARM64.Deploy.0 = Debug|Any CPU
		{4A4A0EA1-2FC2-4472-8AA6-BA8F8317BE61}.AppStore|iPhone.ActiveCfg = Debug|Any CPU
		{4A4A0EA1-2FC2-4472-8AA6-BA8F8317BE61}.AppStore|iPhone.Build.0 = Debug|Any CPU
		{4A4A0EA1-2FC2-4472-8AA6-BA8F8317BE61}.AppStore|iPhone.Deploy.0 = Debug|Any CPU
		{4A4A0EA1-2FC2-4472-8AA6-BA8F8317BE61}.AppStore|iPhoneSimulator.ActiveCfg = Debug|Any CPU
		{4A4A0EA1-2FC2-4472-8AA6-BA8F8317BE61}.AppStore|iPhoneSimulator.Build.0 = Debug|Any CPU
		{4A4A0EA1-2FC2-4472-8AA6-BA8F8317BE61}.AppStore|iPhoneSimulator.Deploy.0 = Debug|Any CPU
		{4A4A0EA1-2FC2-4472-8AA6-BA8F8317BE61}.AppStore|x64.ActiveCfg = Debug|Any CPU
		{4A4A0EA1-2FC2-4472-8AA6-BA8F8317BE61}.AppStore|x64.Build.0 = Debug|Any CPU
		{4A4A0EA1-2FC2-4472-8AA6-BA8F8317BE61}.AppStore|x64.Deploy.0 = Debug|Any CPU
		{4A4A0EA1-2FC2-4472-8AA6-BA8F8317BE61}.AppStore|x86.ActiveCfg = Debug|Any CPU
		{4A4A0EA1-2FC2-4472-8AA6-BA8F8317BE61}.AppStore|x86.Build.0 = Debug|Any CPU
		{4A4A0EA1-2FC2-4472-8AA6-BA8F8317BE61}.AppStore|x86.Deploy.0 = Debug|Any CPU
		{4A4A0EA1-2FC2-4472-8AA6-BA8F8317BE61}.Debug|Any CPU.ActiveCfg = Debug|Any CPU
		{4A4A0EA1-2FC2-4472-8AA6-BA8F8317BE61}.Debug|Any CPU.Build.0 = Debug|Any CPU
		{4A4A0EA1-2FC2-4472-8AA6-BA8F8317BE61}.Debug|Any CPU.Deploy.0 = Debug|Any CPU
		{4A4A0EA1-2FC2-4472-8AA6-BA8F8317BE61}.Debug|ARM.ActiveCfg = Debug|Any CPU
		{4A4A0EA1-2FC2-4472-8AA6-BA8F8317BE61}.Debug|ARM.Build.0 = Debug|Any CPU
		{4A4A0EA1-2FC2-4472-8AA6-BA8F8317BE61}.Debug|ARM.Deploy.0 = Debug|Any CPU
		{4A4A0EA1-2FC2-4472-8AA6-BA8F8317BE61}.Debug|ARM64.ActiveCfg = Debug|Any CPU
		{4A4A0EA1-2FC2-4472-8AA6-BA8F8317BE61}.Debug|ARM64.Build.0 = Debug|Any CPU
		{4A4A0EA1-2FC2-4472-8AA6-BA8F8317BE61}.Debug|ARM64.Deploy.0 = Debug|Any CPU
		{4A4A0EA1-2FC2-4472-8AA6-BA8F8317BE61}.Debug|iPhone.ActiveCfg = Debug|Any CPU
		{4A4A0EA1-2FC2-4472-8AA6-BA8F8317BE61}.Debug|iPhone.Build.0 = Debug|Any CPU
		{4A4A0EA1-2FC2-4472-8AA6-BA8F8317BE61}.Debug|iPhone.Deploy.0 = Debug|Any CPU
		{4A4A0EA1-2FC2-4472-8AA6-BA8F8317BE61}.Debug|iPhoneSimulator.ActiveCfg = Debug|Any CPU
		{4A4A0EA1-2FC2-4472-8AA6-BA8F8317BE61}.Debug|iPhoneSimulator.Build.0 = Debug|Any CPU
		{4A4A0EA1-2FC2-4472-8AA6-BA8F8317BE61}.Debug|iPhoneSimulator.Deploy.0 = Debug|Any CPU
		{4A4A0EA1-2FC2-4472-8AA6-BA8F8317BE61}.Debug|x64.ActiveCfg = Debug|Any CPU
		{4A4A0EA1-2FC2-4472-8AA6-BA8F8317BE61}.Debug|x64.Build.0 = Debug|Any CPU
		{4A4A0EA1-2FC2-4472-8AA6-BA8F8317BE61}.Debug|x64.Deploy.0 = Debug|Any CPU
		{4A4A0EA1-2FC2-4472-8AA6-BA8F8317BE61}.Debug|x86.ActiveCfg = Debug|Any CPU
		{4A4A0EA1-2FC2-4472-8AA6-BA8F8317BE61}.Debug|x86.Build.0 = Debug|Any CPU
		{4A4A0EA1-2FC2-4472-8AA6-BA8F8317BE61}.Debug|x86.Deploy.0 = Debug|Any CPU
		{4A4A0EA1-2FC2-4472-8AA6-BA8F8317BE61}.Release|Any CPU.ActiveCfg = Release|Any CPU
		{4A4A0EA1-2FC2-4472-8AA6-BA8F8317BE61}.Release|Any CPU.Build.0 = Release|Any CPU
		{4A4A0EA1-2FC2-4472-8AA6-BA8F8317BE61}.Release|Any CPU.Deploy.0 = Release|Any CPU
		{4A4A0EA1-2FC2-4472-8AA6-BA8F8317BE61}.Release|ARM.ActiveCfg = Release|Any CPU
		{4A4A0EA1-2FC2-4472-8AA6-BA8F8317BE61}.Release|ARM.Build.0 = Release|Any CPU
		{4A4A0EA1-2FC2-4472-8AA6-BA8F8317BE61}.Release|ARM.Deploy.0 = Release|Any CPU
		{4A4A0EA1-2FC2-4472-8AA6-BA8F8317BE61}.Release|ARM64.ActiveCfg = Release|Any CPU
		{4A4A0EA1-2FC2-4472-8AA6-BA8F8317BE61}.Release|ARM64.Build.0 = Release|Any CPU
		{4A4A0EA1-2FC2-4472-8AA6-BA8F8317BE61}.Release|ARM64.Deploy.0 = Release|Any CPU
		{4A4A0EA1-2FC2-4472-8AA6-BA8F8317BE61}.Release|iPhone.ActiveCfg = Release|Any CPU
		{4A4A0EA1-2FC2-4472-8AA6-BA8F8317BE61}.Release|iPhone.Build.0 = Release|Any CPU
		{4A4A0EA1-2FC2-4472-8AA6-BA8F8317BE61}.Release|iPhone.Deploy.0 = Release|Any CPU
		{4A4A0EA1-2FC2-4472-8AA6-BA8F8317BE61}.Release|iPhoneSimulator.ActiveCfg = Release|Any CPU
		{4A4A0EA1-2FC2-4472-8AA6-BA8F8317BE61}.Release|iPhoneSimulator.Build.0 = Release|Any CPU
		{4A4A0EA1-2FC2-4472-8AA6-BA8F8317BE61}.Release|iPhoneSimulator.Deploy.0 = Release|Any CPU
		{4A4A0EA1-2FC2-4472-8AA6-BA8F8317BE61}.Release|x64.ActiveCfg = Release|Any CPU
		{4A4A0EA1-2FC2-4472-8AA6-BA8F8317BE61}.Release|x64.Build.0 = Release|Any CPU
		{4A4A0EA1-2FC2-4472-8AA6-BA8F8317BE61}.Release|x64.Deploy.0 = Release|Any CPU
		{4A4A0EA1-2FC2-4472-8AA6-BA8F8317BE61}.Release|x86.ActiveCfg = Release|Any CPU
		{4A4A0EA1-2FC2-4472-8AA6-BA8F8317BE61}.Release|x86.Build.0 = Release|Any CPU
		{4A4A0EA1-2FC2-4472-8AA6-BA8F8317BE61}.Release|x86.Deploy.0 = Release|Any CPU
		{1DD16BB2-E2A7-4604-965B-D1CF3F83922F}.Ad-Hoc|Any CPU.ActiveCfg = Ad-Hoc|iPhoneSimulator
		{1DD16BB2-E2A7-4604-965B-D1CF3F83922F}.Ad-Hoc|ARM.ActiveCfg = Ad-Hoc|iPhoneSimulator
		{1DD16BB2-E2A7-4604-965B-D1CF3F83922F}.Ad-Hoc|ARM64.ActiveCfg = Ad-Hoc|iPhoneSimulator
		{1DD16BB2-E2A7-4604-965B-D1CF3F83922F}.Ad-Hoc|iPhone.ActiveCfg = Ad-Hoc|iPhone
		{1DD16BB2-E2A7-4604-965B-D1CF3F83922F}.Ad-Hoc|iPhone.Build.0 = Ad-Hoc|iPhone
		{1DD16BB2-E2A7-4604-965B-D1CF3F83922F}.Ad-Hoc|iPhoneSimulator.ActiveCfg = Ad-Hoc|iPhoneSimulator
		{1DD16BB2-E2A7-4604-965B-D1CF3F83922F}.Ad-Hoc|iPhoneSimulator.Build.0 = Ad-Hoc|iPhoneSimulator
		{1DD16BB2-E2A7-4604-965B-D1CF3F83922F}.Ad-Hoc|x64.ActiveCfg = Ad-Hoc|iPhoneSimulator
		{1DD16BB2-E2A7-4604-965B-D1CF3F83922F}.Ad-Hoc|x86.ActiveCfg = Ad-Hoc|iPhoneSimulator
		{1DD16BB2-E2A7-4604-965B-D1CF3F83922F}.AppStore|Any CPU.ActiveCfg = AppStore|iPhoneSimulator
		{1DD16BB2-E2A7-4604-965B-D1CF3F83922F}.AppStore|ARM.ActiveCfg = AppStore|iPhoneSimulator
		{1DD16BB2-E2A7-4604-965B-D1CF3F83922F}.AppStore|ARM64.ActiveCfg = AppStore|iPhoneSimulator
		{1DD16BB2-E2A7-4604-965B-D1CF3F83922F}.AppStore|iPhone.ActiveCfg = AppStore|iPhone
		{1DD16BB2-E2A7-4604-965B-D1CF3F83922F}.AppStore|iPhone.Build.0 = AppStore|iPhone
		{1DD16BB2-E2A7-4604-965B-D1CF3F83922F}.AppStore|iPhoneSimulator.ActiveCfg = AppStore|iPhoneSimulator
		{1DD16BB2-E2A7-4604-965B-D1CF3F83922F}.AppStore|iPhoneSimulator.Build.0 = AppStore|iPhoneSimulator
		{1DD16BB2-E2A7-4604-965B-D1CF3F83922F}.AppStore|x64.ActiveCfg = AppStore|iPhoneSimulator
		{1DD16BB2-E2A7-4604-965B-D1CF3F83922F}.AppStore|x86.ActiveCfg = AppStore|iPhoneSimulator
		{1DD16BB2-E2A7-4604-965B-D1CF3F83922F}.Debug|Any CPU.ActiveCfg = Debug|iPhoneSimulator
		{1DD16BB2-E2A7-4604-965B-D1CF3F83922F}.Debug|ARM.ActiveCfg = Debug|iPhoneSimulator
		{1DD16BB2-E2A7-4604-965B-D1CF3F83922F}.Debug|ARM64.ActiveCfg = Debug|iPhoneSimulator
		{1DD16BB2-E2A7-4604-965B-D1CF3F83922F}.Debug|iPhone.ActiveCfg = Debug|iPhone
		{1DD16BB2-E2A7-4604-965B-D1CF3F83922F}.Debug|iPhone.Build.0 = Debug|iPhone
		{1DD16BB2-E2A7-4604-965B-D1CF3F83922F}.Debug|iPhoneSimulator.ActiveCfg = Debug|iPhoneSimulator
		{1DD16BB2-E2A7-4604-965B-D1CF3F83922F}.Debug|iPhoneSimulator.Build.0 = Debug|iPhoneSimulator
		{1DD16BB2-E2A7-4604-965B-D1CF3F83922F}.Debug|x64.ActiveCfg = Debug|iPhoneSimulator
		{1DD16BB2-E2A7-4604-965B-D1CF3F83922F}.Debug|x86.ActiveCfg = Debug|iPhoneSimulator
		{1DD16BB2-E2A7-4604-965B-D1CF3F83922F}.Release|Any CPU.ActiveCfg = Release|iPhoneSimulator
		{1DD16BB2-E2A7-4604-965B-D1CF3F83922F}.Release|ARM.ActiveCfg = Release|iPhoneSimulator
		{1DD16BB2-E2A7-4604-965B-D1CF3F83922F}.Release|ARM64.ActiveCfg = Release|iPhoneSimulator
		{1DD16BB2-E2A7-4604-965B-D1CF3F83922F}.Release|iPhone.ActiveCfg = Release|iPhone
		{1DD16BB2-E2A7-4604-965B-D1CF3F83922F}.Release|iPhone.Build.0 = Release|iPhone
		{1DD16BB2-E2A7-4604-965B-D1CF3F83922F}.Release|iPhoneSimulator.ActiveCfg = Release|iPhoneSimulator
		{1DD16BB2-E2A7-4604-965B-D1CF3F83922F}.Release|iPhoneSimulator.Build.0 = Release|iPhoneSimulator
		{1DD16BB2-E2A7-4604-965B-D1CF3F83922F}.Release|x64.ActiveCfg = Release|iPhoneSimulator
		{1DD16BB2-E2A7-4604-965B-D1CF3F83922F}.Release|x86.ActiveCfg = Release|iPhoneSimulator
		{7716EE7B-B3D5-450A-ABCE-977DDAD51CAF}.Ad-Hoc|Any CPU.ActiveCfg = Debug|x86
		{7716EE7B-B3D5-450A-ABCE-977DDAD51CAF}.Ad-Hoc|Any CPU.Build.0 = Debug|x86
		{7716EE7B-B3D5-450A-ABCE-977DDAD51CAF}.Ad-Hoc|Any CPU.Deploy.0 = Debug|x86
		{7716EE7B-B3D5-450A-ABCE-977DDAD51CAF}.Ad-Hoc|ARM.ActiveCfg = Debug|ARM
		{7716EE7B-B3D5-450A-ABCE-977DDAD51CAF}.Ad-Hoc|ARM.Build.0 = Debug|ARM
		{7716EE7B-B3D5-450A-ABCE-977DDAD51CAF}.Ad-Hoc|ARM.Deploy.0 = Debug|ARM
		{7716EE7B-B3D5-450A-ABCE-977DDAD51CAF}.Ad-Hoc|ARM64.ActiveCfg = Debug|ARM64
		{7716EE7B-B3D5-450A-ABCE-977DDAD51CAF}.Ad-Hoc|ARM64.Build.0 = Debug|ARM64
		{7716EE7B-B3D5-450A-ABCE-977DDAD51CAF}.Ad-Hoc|ARM64.Deploy.0 = Debug|ARM64
		{7716EE7B-B3D5-450A-ABCE-977DDAD51CAF}.Ad-Hoc|iPhone.ActiveCfg = Debug|x86
		{7716EE7B-B3D5-450A-ABCE-977DDAD51CAF}.Ad-Hoc|iPhone.Build.0 = Debug|x86
		{7716EE7B-B3D5-450A-ABCE-977DDAD51CAF}.Ad-Hoc|iPhone.Deploy.0 = Debug|x86
		{7716EE7B-B3D5-450A-ABCE-977DDAD51CAF}.Ad-Hoc|iPhoneSimulator.ActiveCfg = Debug|x86
		{7716EE7B-B3D5-450A-ABCE-977DDAD51CAF}.Ad-Hoc|iPhoneSimulator.Build.0 = Debug|x86
		{7716EE7B-B3D5-450A-ABCE-977DDAD51CAF}.Ad-Hoc|iPhoneSimulator.Deploy.0 = Debug|x86
		{7716EE7B-B3D5-450A-ABCE-977DDAD51CAF}.Ad-Hoc|x64.ActiveCfg = Debug|x64
		{7716EE7B-B3D5-450A-ABCE-977DDAD51CAF}.Ad-Hoc|x64.Build.0 = Debug|x64
		{7716EE7B-B3D5-450A-ABCE-977DDAD51CAF}.Ad-Hoc|x64.Deploy.0 = Debug|x64
		{7716EE7B-B3D5-450A-ABCE-977DDAD51CAF}.Ad-Hoc|x86.ActiveCfg = Debug|x86
		{7716EE7B-B3D5-450A-ABCE-977DDAD51CAF}.Ad-Hoc|x86.Build.0 = Debug|x86
		{7716EE7B-B3D5-450A-ABCE-977DDAD51CAF}.Ad-Hoc|x86.Deploy.0 = Debug|x86
		{7716EE7B-B3D5-450A-ABCE-977DDAD51CAF}.AppStore|Any CPU.ActiveCfg = Debug|x86
		{7716EE7B-B3D5-450A-ABCE-977DDAD51CAF}.AppStore|Any CPU.Build.0 = Debug|x86
		{7716EE7B-B3D5-450A-ABCE-977DDAD51CAF}.AppStore|Any CPU.Deploy.0 = Debug|x86
		{7716EE7B-B3D5-450A-ABCE-977DDAD51CAF}.AppStore|ARM.ActiveCfg = Debug|ARM
		{7716EE7B-B3D5-450A-ABCE-977DDAD51CAF}.AppStore|ARM.Build.0 = Debug|ARM
		{7716EE7B-B3D5-450A-ABCE-977DDAD51CAF}.AppStore|ARM.Deploy.0 = Debug|ARM
		{7716EE7B-B3D5-450A-ABCE-977DDAD51CAF}.AppStore|ARM64.ActiveCfg = Debug|ARM64
		{7716EE7B-B3D5-450A-ABCE-977DDAD51CAF}.AppStore|ARM64.Build.0 = Debug|ARM64
		{7716EE7B-B3D5-450A-ABCE-977DDAD51CAF}.AppStore|ARM64.Deploy.0 = Debug|ARM64
		{7716EE7B-B3D5-450A-ABCE-977DDAD51CAF}.AppStore|iPhone.ActiveCfg = Debug|x86
		{7716EE7B-B3D5-450A-ABCE-977DDAD51CAF}.AppStore|iPhone.Build.0 = Debug|x86
		{7716EE7B-B3D5-450A-ABCE-977DDAD51CAF}.AppStore|iPhone.Deploy.0 = Debug|x86
		{7716EE7B-B3D5-450A-ABCE-977DDAD51CAF}.AppStore|iPhoneSimulator.ActiveCfg = Debug|x86
		{7716EE7B-B3D5-450A-ABCE-977DDAD51CAF}.AppStore|iPhoneSimulator.Build.0 = Debug|x86
		{7716EE7B-B3D5-450A-ABCE-977DDAD51CAF}.AppStore|iPhoneSimulator.Deploy.0 = Debug|x86
		{7716EE7B-B3D5-450A-ABCE-977DDAD51CAF}.AppStore|x64.ActiveCfg = Debug|x64
		{7716EE7B-B3D5-450A-ABCE-977DDAD51CAF}.AppStore|x64.Build.0 = Debug|x64
		{7716EE7B-B3D5-450A-ABCE-977DDAD51CAF}.AppStore|x64.Deploy.0 = Debug|x64
		{7716EE7B-B3D5-450A-ABCE-977DDAD51CAF}.AppStore|x86.ActiveCfg = Debug|x86
		{7716EE7B-B3D5-450A-ABCE-977DDAD51CAF}.AppStore|x86.Build.0 = Debug|x86
		{7716EE7B-B3D5-450A-ABCE-977DDAD51CAF}.AppStore|x86.Deploy.0 = Debug|x86
		{7716EE7B-B3D5-450A-ABCE-977DDAD51CAF}.Debug|Any CPU.ActiveCfg = Debug|x86
		{7716EE7B-B3D5-450A-ABCE-977DDAD51CAF}.Debug|Any CPU.Build.0 = Debug|x86
		{7716EE7B-B3D5-450A-ABCE-977DDAD51CAF}.Debug|Any CPU.Deploy.0 = Debug|x86
		{7716EE7B-B3D5-450A-ABCE-977DDAD51CAF}.Debug|ARM.ActiveCfg = Debug|ARM
		{7716EE7B-B3D5-450A-ABCE-977DDAD51CAF}.Debug|ARM.Build.0 = Debug|ARM
		{7716EE7B-B3D5-450A-ABCE-977DDAD51CAF}.Debug|ARM.Deploy.0 = Debug|ARM
		{7716EE7B-B3D5-450A-ABCE-977DDAD51CAF}.Debug|ARM64.ActiveCfg = Debug|ARM64
		{7716EE7B-B3D5-450A-ABCE-977DDAD51CAF}.Debug|ARM64.Build.0 = Debug|ARM64
		{7716EE7B-B3D5-450A-ABCE-977DDAD51CAF}.Debug|ARM64.Deploy.0 = Debug|ARM64
		{7716EE7B-B3D5-450A-ABCE-977DDAD51CAF}.Debug|iPhone.ActiveCfg = Debug|x86
		{7716EE7B-B3D5-450A-ABCE-977DDAD51CAF}.Debug|iPhoneSimulator.ActiveCfg = Debug|x86
		{7716EE7B-B3D5-450A-ABCE-977DDAD51CAF}.Debug|x64.ActiveCfg = Debug|x64
		{7716EE7B-B3D5-450A-ABCE-977DDAD51CAF}.Debug|x64.Build.0 = Debug|x64
		{7716EE7B-B3D5-450A-ABCE-977DDAD51CAF}.Debug|x64.Deploy.0 = Debug|x64
		{7716EE7B-B3D5-450A-ABCE-977DDAD51CAF}.Debug|x86.ActiveCfg = Debug|x86
		{7716EE7B-B3D5-450A-ABCE-977DDAD51CAF}.Debug|x86.Build.0 = Debug|x86
		{7716EE7B-B3D5-450A-ABCE-977DDAD51CAF}.Debug|x86.Deploy.0 = Debug|x86
		{7716EE7B-B3D5-450A-ABCE-977DDAD51CAF}.Release|Any CPU.ActiveCfg = Release|x86
		{7716EE7B-B3D5-450A-ABCE-977DDAD51CAF}.Release|ARM.ActiveCfg = Release|ARM
		{7716EE7B-B3D5-450A-ABCE-977DDAD51CAF}.Release|ARM.Build.0 = Release|ARM
		{7716EE7B-B3D5-450A-ABCE-977DDAD51CAF}.Release|ARM.Deploy.0 = Release|ARM
		{7716EE7B-B3D5-450A-ABCE-977DDAD51CAF}.Release|ARM64.ActiveCfg = Release|ARM64
		{7716EE7B-B3D5-450A-ABCE-977DDAD51CAF}.Release|ARM64.Build.0 = Release|ARM64
		{7716EE7B-B3D5-450A-ABCE-977DDAD51CAF}.Release|ARM64.Deploy.0 = Release|ARM64
		{7716EE7B-B3D5-450A-ABCE-977DDAD51CAF}.Release|iPhone.ActiveCfg = Release|x86
		{7716EE7B-B3D5-450A-ABCE-977DDAD51CAF}.Release|iPhoneSimulator.ActiveCfg = Release|x86
		{7716EE7B-B3D5-450A-ABCE-977DDAD51CAF}.Release|x64.ActiveCfg = Release|x64
		{7716EE7B-B3D5-450A-ABCE-977DDAD51CAF}.Release|x64.Build.0 = Release|x64
		{7716EE7B-B3D5-450A-ABCE-977DDAD51CAF}.Release|x64.Deploy.0 = Release|x64
		{7716EE7B-B3D5-450A-ABCE-977DDAD51CAF}.Release|x86.ActiveCfg = Release|x86
		{7716EE7B-B3D5-450A-ABCE-977DDAD51CAF}.Release|x86.Build.0 = Release|x86
		{7716EE7B-B3D5-450A-ABCE-977DDAD51CAF}.Release|x86.Deploy.0 = Release|x86
		{6118C05D-82E9-4150-8EF0-3B43E5050409}.Ad-Hoc|Any CPU.ActiveCfg = Release|Any CPU
		{6118C05D-82E9-4150-8EF0-3B43E5050409}.Ad-Hoc|Any CPU.Build.0 = Release|Any CPU
		{6118C05D-82E9-4150-8EF0-3B43E5050409}.Ad-Hoc|ARM.ActiveCfg = Release|Any CPU
		{6118C05D-82E9-4150-8EF0-3B43E5050409}.Ad-Hoc|ARM.Build.0 = Release|Any CPU
		{6118C05D-82E9-4150-8EF0-3B43E5050409}.Ad-Hoc|ARM64.ActiveCfg = Release|Any CPU
		{6118C05D-82E9-4150-8EF0-3B43E5050409}.Ad-Hoc|ARM64.Build.0 = Release|Any CPU
		{6118C05D-82E9-4150-8EF0-3B43E5050409}.Ad-Hoc|iPhone.ActiveCfg = Release|Any CPU
		{6118C05D-82E9-4150-8EF0-3B43E5050409}.Ad-Hoc|iPhone.Build.0 = Release|Any CPU
		{6118C05D-82E9-4150-8EF0-3B43E5050409}.Ad-Hoc|iPhoneSimulator.ActiveCfg = Release|Any CPU
		{6118C05D-82E9-4150-8EF0-3B43E5050409}.Ad-Hoc|iPhoneSimulator.Build.0 = Release|Any CPU
		{6118C05D-82E9-4150-8EF0-3B43E5050409}.Ad-Hoc|x64.ActiveCfg = Release|Any CPU
		{6118C05D-82E9-4150-8EF0-3B43E5050409}.Ad-Hoc|x64.Build.0 = Release|Any CPU
		{6118C05D-82E9-4150-8EF0-3B43E5050409}.Ad-Hoc|x86.ActiveCfg = Release|Any CPU
		{6118C05D-82E9-4150-8EF0-3B43E5050409}.Ad-Hoc|x86.Build.0 = Release|Any CPU
		{6118C05D-82E9-4150-8EF0-3B43E5050409}.AppStore|Any CPU.ActiveCfg = Release|Any CPU
		{6118C05D-82E9-4150-8EF0-3B43E5050409}.AppStore|Any CPU.Build.0 = Release|Any CPU
		{6118C05D-82E9-4150-8EF0-3B43E5050409}.AppStore|ARM.ActiveCfg = Release|Any CPU
		{6118C05D-82E9-4150-8EF0-3B43E5050409}.AppStore|ARM.Build.0 = Release|Any CPU
		{6118C05D-82E9-4150-8EF0-3B43E5050409}.AppStore|ARM64.ActiveCfg = Release|Any CPU
		{6118C05D-82E9-4150-8EF0-3B43E5050409}.AppStore|ARM64.Build.0 = Release|Any CPU
		{6118C05D-82E9-4150-8EF0-3B43E5050409}.AppStore|iPhone.ActiveCfg = Release|Any CPU
		{6118C05D-82E9-4150-8EF0-3B43E5050409}.AppStore|iPhone.Build.0 = Release|Any CPU
		{6118C05D-82E9-4150-8EF0-3B43E5050409}.AppStore|iPhoneSimulator.ActiveCfg = Release|Any CPU
		{6118C05D-82E9-4150-8EF0-3B43E5050409}.AppStore|iPhoneSimulator.Build.0 = Release|Any CPU
		{6118C05D-82E9-4150-8EF0-3B43E5050409}.AppStore|x64.ActiveCfg = Release|Any CPU
		{6118C05D-82E9-4150-8EF0-3B43E5050409}.AppStore|x64.Build.0 = Release|Any CPU
		{6118C05D-82E9-4150-8EF0-3B43E5050409}.AppStore|x86.ActiveCfg = Release|Any CPU
		{6118C05D-82E9-4150-8EF0-3B43E5050409}.AppStore|x86.Build.0 = Release|Any CPU
		{6118C05D-82E9-4150-8EF0-3B43E5050409}.Debug|Any CPU.ActiveCfg = Debug|Any CPU
		{6118C05D-82E9-4150-8EF0-3B43E5050409}.Debug|Any CPU.Build.0 = Debug|Any CPU
		{6118C05D-82E9-4150-8EF0-3B43E5050409}.Debug|ARM.ActiveCfg = Debug|Any CPU
		{6118C05D-82E9-4150-8EF0-3B43E5050409}.Debug|ARM.Build.0 = Debug|Any CPU
		{6118C05D-82E9-4150-8EF0-3B43E5050409}.Debug|ARM64.ActiveCfg = Debug|Any CPU
		{6118C05D-82E9-4150-8EF0-3B43E5050409}.Debug|ARM64.Build.0 = Debug|Any CPU
		{6118C05D-82E9-4150-8EF0-3B43E5050409}.Debug|iPhone.ActiveCfg = Debug|Any CPU
		{6118C05D-82E9-4150-8EF0-3B43E5050409}.Debug|iPhone.Build.0 = Debug|Any CPU
		{6118C05D-82E9-4150-8EF0-3B43E5050409}.Debug|iPhoneSimulator.ActiveCfg = Debug|Any CPU
		{6118C05D-82E9-4150-8EF0-3B43E5050409}.Debug|iPhoneSimulator.Build.0 = Debug|Any CPU
		{6118C05D-82E9-4150-8EF0-3B43E5050409}.Debug|x64.ActiveCfg = Debug|Any CPU
		{6118C05D-82E9-4150-8EF0-3B43E5050409}.Debug|x64.Build.0 = Debug|Any CPU
		{6118C05D-82E9-4150-8EF0-3B43E5050409}.Debug|x86.ActiveCfg = Debug|Any CPU
		{6118C05D-82E9-4150-8EF0-3B43E5050409}.Debug|x86.Build.0 = Debug|Any CPU
		{6118C05D-82E9-4150-8EF0-3B43E5050409}.Release|Any CPU.ActiveCfg = Release|Any CPU
		{6118C05D-82E9-4150-8EF0-3B43E5050409}.Release|Any CPU.Build.0 = Release|Any CPU
		{6118C05D-82E9-4150-8EF0-3B43E5050409}.Release|ARM.ActiveCfg = Release|Any CPU
		{6118C05D-82E9-4150-8EF0-3B43E5050409}.Release|ARM.Build.0 = Release|Any CPU
		{6118C05D-82E9-4150-8EF0-3B43E5050409}.Release|ARM64.ActiveCfg = Release|Any CPU
		{6118C05D-82E9-4150-8EF0-3B43E5050409}.Release|ARM64.Build.0 = Release|Any CPU
		{6118C05D-82E9-4150-8EF0-3B43E5050409}.Release|iPhone.ActiveCfg = Release|Any CPU
		{6118C05D-82E9-4150-8EF0-3B43E5050409}.Release|iPhone.Build.0 = Release|Any CPU
		{6118C05D-82E9-4150-8EF0-3B43E5050409}.Release|iPhoneSimulator.ActiveCfg = Release|Any CPU
		{6118C05D-82E9-4150-8EF0-3B43E5050409}.Release|iPhoneSimulator.Build.0 = Release|Any CPU
		{6118C05D-82E9-4150-8EF0-3B43E5050409}.Release|x64.ActiveCfg = Release|Any CPU
		{6118C05D-82E9-4150-8EF0-3B43E5050409}.Release|x64.Build.0 = Release|Any CPU
		{6118C05D-82E9-4150-8EF0-3B43E5050409}.Release|x86.ActiveCfg = Release|Any CPU
		{6118C05D-82E9-4150-8EF0-3B43E5050409}.Release|x86.Build.0 = Release|Any CPU
		{7130D60B-92EF-402D-B155-0DFF1A2F0A5B}.Ad-Hoc|Any CPU.ActiveCfg = Debug|iPhoneSimulator
		{7130D60B-92EF-402D-B155-0DFF1A2F0A5B}.Ad-Hoc|Any CPU.Build.0 = Debug|iPhoneSimulator
		{7130D60B-92EF-402D-B155-0DFF1A2F0A5B}.Ad-Hoc|ARM.ActiveCfg = Debug|iPhoneSimulator
		{7130D60B-92EF-402D-B155-0DFF1A2F0A5B}.Ad-Hoc|ARM.Build.0 = Debug|iPhoneSimulator
		{7130D60B-92EF-402D-B155-0DFF1A2F0A5B}.Ad-Hoc|ARM64.ActiveCfg = Debug|iPhoneSimulator
		{7130D60B-92EF-402D-B155-0DFF1A2F0A5B}.Ad-Hoc|ARM64.Build.0 = Debug|iPhoneSimulator
		{7130D60B-92EF-402D-B155-0DFF1A2F0A5B}.Ad-Hoc|iPhone.ActiveCfg = Debug|iPhoneSimulator
		{7130D60B-92EF-402D-B155-0DFF1A2F0A5B}.Ad-Hoc|iPhone.Build.0 = Debug|iPhoneSimulator
		{7130D60B-92EF-402D-B155-0DFF1A2F0A5B}.Ad-Hoc|iPhoneSimulator.ActiveCfg = Debug|iPhoneSimulator
		{7130D60B-92EF-402D-B155-0DFF1A2F0A5B}.Ad-Hoc|iPhoneSimulator.Build.0 = Debug|iPhoneSimulator
		{7130D60B-92EF-402D-B155-0DFF1A2F0A5B}.Ad-Hoc|x64.ActiveCfg = Debug|iPhoneSimulator
		{7130D60B-92EF-402D-B155-0DFF1A2F0A5B}.Ad-Hoc|x64.Build.0 = Debug|iPhoneSimulator
		{7130D60B-92EF-402D-B155-0DFF1A2F0A5B}.Ad-Hoc|x86.ActiveCfg = Debug|iPhoneSimulator
		{7130D60B-92EF-402D-B155-0DFF1A2F0A5B}.Ad-Hoc|x86.Build.0 = Debug|iPhoneSimulator
		{7130D60B-92EF-402D-B155-0DFF1A2F0A5B}.AppStore|Any CPU.ActiveCfg = Debug|iPhoneSimulator
		{7130D60B-92EF-402D-B155-0DFF1A2F0A5B}.AppStore|Any CPU.Build.0 = Debug|iPhoneSimulator
		{7130D60B-92EF-402D-B155-0DFF1A2F0A5B}.AppStore|ARM.ActiveCfg = Debug|iPhoneSimulator
		{7130D60B-92EF-402D-B155-0DFF1A2F0A5B}.AppStore|ARM.Build.0 = Debug|iPhoneSimulator
		{7130D60B-92EF-402D-B155-0DFF1A2F0A5B}.AppStore|ARM64.ActiveCfg = Debug|iPhoneSimulator
		{7130D60B-92EF-402D-B155-0DFF1A2F0A5B}.AppStore|ARM64.Build.0 = Debug|iPhoneSimulator
		{7130D60B-92EF-402D-B155-0DFF1A2F0A5B}.AppStore|iPhone.ActiveCfg = Debug|iPhoneSimulator
		{7130D60B-92EF-402D-B155-0DFF1A2F0A5B}.AppStore|iPhone.Build.0 = Debug|iPhoneSimulator
		{7130D60B-92EF-402D-B155-0DFF1A2F0A5B}.AppStore|iPhoneSimulator.ActiveCfg = Debug|iPhoneSimulator
		{7130D60B-92EF-402D-B155-0DFF1A2F0A5B}.AppStore|iPhoneSimulator.Build.0 = Debug|iPhoneSimulator
		{7130D60B-92EF-402D-B155-0DFF1A2F0A5B}.AppStore|x64.ActiveCfg = Debug|iPhoneSimulator
		{7130D60B-92EF-402D-B155-0DFF1A2F0A5B}.AppStore|x64.Build.0 = Debug|iPhoneSimulator
		{7130D60B-92EF-402D-B155-0DFF1A2F0A5B}.AppStore|x86.ActiveCfg = Debug|iPhoneSimulator
		{7130D60B-92EF-402D-B155-0DFF1A2F0A5B}.AppStore|x86.Build.0 = Debug|iPhoneSimulator
		{7130D60B-92EF-402D-B155-0DFF1A2F0A5B}.Debug|Any CPU.ActiveCfg = Debug|iPhoneSimulator
		{7130D60B-92EF-402D-B155-0DFF1A2F0A5B}.Debug|ARM.ActiveCfg = Debug|iPhoneSimulator
		{7130D60B-92EF-402D-B155-0DFF1A2F0A5B}.Debug|ARM64.ActiveCfg = Debug|iPhoneSimulator
		{7130D60B-92EF-402D-B155-0DFF1A2F0A5B}.Debug|iPhone.ActiveCfg = Debug|iPhoneSimulator
		{7130D60B-92EF-402D-B155-0DFF1A2F0A5B}.Debug|iPhoneSimulator.ActiveCfg = Debug|iPhoneSimulator
		{7130D60B-92EF-402D-B155-0DFF1A2F0A5B}.Debug|iPhoneSimulator.Build.0 = Debug|iPhoneSimulator
		{7130D60B-92EF-402D-B155-0DFF1A2F0A5B}.Debug|x64.ActiveCfg = Debug|iPhoneSimulator
		{7130D60B-92EF-402D-B155-0DFF1A2F0A5B}.Debug|x86.ActiveCfg = Debug|iPhoneSimulator
		{7130D60B-92EF-402D-B155-0DFF1A2F0A5B}.Release|Any CPU.ActiveCfg = Release|iPhoneSimulator
		{7130D60B-92EF-402D-B155-0DFF1A2F0A5B}.Release|ARM.ActiveCfg = Release|iPhoneSimulator
		{7130D60B-92EF-402D-B155-0DFF1A2F0A5B}.Release|ARM64.ActiveCfg = Release|iPhoneSimulator
		{7130D60B-92EF-402D-B155-0DFF1A2F0A5B}.Release|iPhone.ActiveCfg = Release|iPhoneSimulator
		{7130D60B-92EF-402D-B155-0DFF1A2F0A5B}.Release|iPhoneSimulator.ActiveCfg = Release|iPhoneSimulator
		{7130D60B-92EF-402D-B155-0DFF1A2F0A5B}.Release|iPhoneSimulator.Build.0 = Release|iPhoneSimulator
		{7130D60B-92EF-402D-B155-0DFF1A2F0A5B}.Release|x64.ActiveCfg = Release|iPhoneSimulator
		{7130D60B-92EF-402D-B155-0DFF1A2F0A5B}.Release|x86.ActiveCfg = Release|iPhoneSimulator
		{8C345E85-404E-4A74-89F0-BD67C9B57738}.Ad-Hoc|Any CPU.ActiveCfg = Release|Any CPU
		{8C345E85-404E-4A74-89F0-BD67C9B57738}.Ad-Hoc|Any CPU.Build.0 = Release|Any CPU
		{8C345E85-404E-4A74-89F0-BD67C9B57738}.Ad-Hoc|ARM.ActiveCfg = Release|Any CPU
		{8C345E85-404E-4A74-89F0-BD67C9B57738}.Ad-Hoc|ARM.Build.0 = Release|Any CPU
		{8C345E85-404E-4A74-89F0-BD67C9B57738}.Ad-Hoc|ARM64.ActiveCfg = Release|Any CPU
		{8C345E85-404E-4A74-89F0-BD67C9B57738}.Ad-Hoc|ARM64.Build.0 = Release|Any CPU
		{8C345E85-404E-4A74-89F0-BD67C9B57738}.Ad-Hoc|iPhone.ActiveCfg = Release|Any CPU
		{8C345E85-404E-4A74-89F0-BD67C9B57738}.Ad-Hoc|iPhone.Build.0 = Release|Any CPU
		{8C345E85-404E-4A74-89F0-BD67C9B57738}.Ad-Hoc|iPhoneSimulator.ActiveCfg = Release|Any CPU
		{8C345E85-404E-4A74-89F0-BD67C9B57738}.Ad-Hoc|iPhoneSimulator.Build.0 = Release|Any CPU
		{8C345E85-404E-4A74-89F0-BD67C9B57738}.Ad-Hoc|x64.ActiveCfg = Release|Any CPU
		{8C345E85-404E-4A74-89F0-BD67C9B57738}.Ad-Hoc|x64.Build.0 = Release|Any CPU
		{8C345E85-404E-4A74-89F0-BD67C9B57738}.Ad-Hoc|x86.ActiveCfg = Release|Any CPU
		{8C345E85-404E-4A74-89F0-BD67C9B57738}.Ad-Hoc|x86.Build.0 = Release|Any CPU
		{8C345E85-404E-4A74-89F0-BD67C9B57738}.AppStore|Any CPU.ActiveCfg = Release|Any CPU
		{8C345E85-404E-4A74-89F0-BD67C9B57738}.AppStore|Any CPU.Build.0 = Release|Any CPU
		{8C345E85-404E-4A74-89F0-BD67C9B57738}.AppStore|ARM.ActiveCfg = Release|Any CPU
		{8C345E85-404E-4A74-89F0-BD67C9B57738}.AppStore|ARM.Build.0 = Release|Any CPU
		{8C345E85-404E-4A74-89F0-BD67C9B57738}.AppStore|ARM64.ActiveCfg = Release|Any CPU
		{8C345E85-404E-4A74-89F0-BD67C9B57738}.AppStore|ARM64.Build.0 = Release|Any CPU
		{8C345E85-404E-4A74-89F0-BD67C9B57738}.AppStore|iPhone.ActiveCfg = Release|Any CPU
		{8C345E85-404E-4A74-89F0-BD67C9B57738}.AppStore|iPhone.Build.0 = Release|Any CPU
		{8C345E85-404E-4A74-89F0-BD67C9B57738}.AppStore|iPhoneSimulator.ActiveCfg = Release|Any CPU
		{8C345E85-404E-4A74-89F0-BD67C9B57738}.AppStore|iPhoneSimulator.Build.0 = Release|Any CPU
		{8C345E85-404E-4A74-89F0-BD67C9B57738}.AppStore|x64.ActiveCfg = Release|Any CPU
		{8C345E85-404E-4A74-89F0-BD67C9B57738}.AppStore|x64.Build.0 = Release|Any CPU
		{8C345E85-404E-4A74-89F0-BD67C9B57738}.AppStore|x86.ActiveCfg = Release|Any CPU
		{8C345E85-404E-4A74-89F0-BD67C9B57738}.AppStore|x86.Build.0 = Release|Any CPU
		{8C345E85-404E-4A74-89F0-BD67C9B57738}.Debug|Any CPU.ActiveCfg = Debug|Any CPU
		{8C345E85-404E-4A74-89F0-BD67C9B57738}.Debug|Any CPU.Build.0 = Debug|Any CPU
		{8C345E85-404E-4A74-89F0-BD67C9B57738}.Debug|ARM.ActiveCfg = Debug|Any CPU
		{8C345E85-404E-4A74-89F0-BD67C9B57738}.Debug|ARM.Build.0 = Debug|Any CPU
		{8C345E85-404E-4A74-89F0-BD67C9B57738}.Debug|ARM64.ActiveCfg = Debug|Any CPU
		{8C345E85-404E-4A74-89F0-BD67C9B57738}.Debug|ARM64.Build.0 = Debug|Any CPU
		{8C345E85-404E-4A74-89F0-BD67C9B57738}.Debug|iPhone.ActiveCfg = Debug|Any CPU
		{8C345E85-404E-4A74-89F0-BD67C9B57738}.Debug|iPhone.Build.0 = Debug|Any CPU
		{8C345E85-404E-4A74-89F0-BD67C9B57738}.Debug|iPhoneSimulator.ActiveCfg = Debug|Any CPU
		{8C345E85-404E-4A74-89F0-BD67C9B57738}.Debug|iPhoneSimulator.Build.0 = Debug|Any CPU
		{8C345E85-404E-4A74-89F0-BD67C9B57738}.Debug|x64.ActiveCfg = Debug|Any CPU
		{8C345E85-404E-4A74-89F0-BD67C9B57738}.Debug|x64.Build.0 = Debug|Any CPU
		{8C345E85-404E-4A74-89F0-BD67C9B57738}.Debug|x86.ActiveCfg = Debug|Any CPU
		{8C345E85-404E-4A74-89F0-BD67C9B57738}.Debug|x86.Build.0 = Debug|Any CPU
		{8C345E85-404E-4A74-89F0-BD67C9B57738}.Release|Any CPU.ActiveCfg = Release|Any CPU
		{8C345E85-404E-4A74-89F0-BD67C9B57738}.Release|Any CPU.Build.0 = Release|Any CPU
		{8C345E85-404E-4A74-89F0-BD67C9B57738}.Release|ARM.ActiveCfg = Release|Any CPU
		{8C345E85-404E-4A74-89F0-BD67C9B57738}.Release|ARM.Build.0 = Release|Any CPU
		{8C345E85-404E-4A74-89F0-BD67C9B57738}.Release|ARM64.ActiveCfg = Release|Any CPU
		{8C345E85-404E-4A74-89F0-BD67C9B57738}.Release|ARM64.Build.0 = Release|Any CPU
		{8C345E85-404E-4A74-89F0-BD67C9B57738}.Release|iPhone.ActiveCfg = Release|Any CPU
		{8C345E85-404E-4A74-89F0-BD67C9B57738}.Release|iPhone.Build.0 = Release|Any CPU
		{8C345E85-404E-4A74-89F0-BD67C9B57738}.Release|iPhoneSimulator.ActiveCfg = Release|Any CPU
		{8C345E85-404E-4A74-89F0-BD67C9B57738}.Release|iPhoneSimulator.Build.0 = Release|Any CPU
		{8C345E85-404E-4A74-89F0-BD67C9B57738}.Release|x64.ActiveCfg = Release|Any CPU
		{8C345E85-404E-4A74-89F0-BD67C9B57738}.Release|x64.Build.0 = Release|Any CPU
		{8C345E85-404E-4A74-89F0-BD67C9B57738}.Release|x86.ActiveCfg = Release|Any CPU
		{8C345E85-404E-4A74-89F0-BD67C9B57738}.Release|x86.Build.0 = Release|Any CPU
		{891841F9-E024-476A-85D5-1EF5DA41C954}.Ad-Hoc|Any CPU.ActiveCfg = Release|Any CPU
		{891841F9-E024-476A-85D5-1EF5DA41C954}.Ad-Hoc|Any CPU.Build.0 = Release|Any CPU
		{891841F9-E024-476A-85D5-1EF5DA41C954}.Ad-Hoc|ARM.ActiveCfg = Release|Any CPU
		{891841F9-E024-476A-85D5-1EF5DA41C954}.Ad-Hoc|ARM.Build.0 = Release|Any CPU
		{891841F9-E024-476A-85D5-1EF5DA41C954}.Ad-Hoc|ARM64.ActiveCfg = Release|Any CPU
		{891841F9-E024-476A-85D5-1EF5DA41C954}.Ad-Hoc|ARM64.Build.0 = Release|Any CPU
		{891841F9-E024-476A-85D5-1EF5DA41C954}.Ad-Hoc|iPhone.ActiveCfg = Release|Any CPU
		{891841F9-E024-476A-85D5-1EF5DA41C954}.Ad-Hoc|iPhone.Build.0 = Release|Any CPU
		{891841F9-E024-476A-85D5-1EF5DA41C954}.Ad-Hoc|iPhoneSimulator.ActiveCfg = Release|Any CPU
		{891841F9-E024-476A-85D5-1EF5DA41C954}.Ad-Hoc|iPhoneSimulator.Build.0 = Release|Any CPU
		{891841F9-E024-476A-85D5-1EF5DA41C954}.Ad-Hoc|x64.ActiveCfg = Release|Any CPU
		{891841F9-E024-476A-85D5-1EF5DA41C954}.Ad-Hoc|x64.Build.0 = Release|Any CPU
		{891841F9-E024-476A-85D5-1EF5DA41C954}.Ad-Hoc|x86.ActiveCfg = Release|Any CPU
		{891841F9-E024-476A-85D5-1EF5DA41C954}.Ad-Hoc|x86.Build.0 = Release|Any CPU
		{891841F9-E024-476A-85D5-1EF5DA41C954}.AppStore|Any CPU.ActiveCfg = Release|Any CPU
		{891841F9-E024-476A-85D5-1EF5DA41C954}.AppStore|Any CPU.Build.0 = Release|Any CPU
		{891841F9-E024-476A-85D5-1EF5DA41C954}.AppStore|ARM.ActiveCfg = Release|Any CPU
		{891841F9-E024-476A-85D5-1EF5DA41C954}.AppStore|ARM.Build.0 = Release|Any CPU
		{891841F9-E024-476A-85D5-1EF5DA41C954}.AppStore|ARM64.ActiveCfg = Release|Any CPU
		{891841F9-E024-476A-85D5-1EF5DA41C954}.AppStore|ARM64.Build.0 = Release|Any CPU
		{891841F9-E024-476A-85D5-1EF5DA41C954}.AppStore|iPhone.ActiveCfg = Release|Any CPU
		{891841F9-E024-476A-85D5-1EF5DA41C954}.AppStore|iPhone.Build.0 = Release|Any CPU
		{891841F9-E024-476A-85D5-1EF5DA41C954}.AppStore|iPhoneSimulator.ActiveCfg = Release|Any CPU
		{891841F9-E024-476A-85D5-1EF5DA41C954}.AppStore|iPhoneSimulator.Build.0 = Release|Any CPU
		{891841F9-E024-476A-85D5-1EF5DA41C954}.AppStore|x64.ActiveCfg = Release|Any CPU
		{891841F9-E024-476A-85D5-1EF5DA41C954}.AppStore|x64.Build.0 = Release|Any CPU
		{891841F9-E024-476A-85D5-1EF5DA41C954}.AppStore|x86.ActiveCfg = Release|Any CPU
		{891841F9-E024-476A-85D5-1EF5DA41C954}.AppStore|x86.Build.0 = Release|Any CPU
		{891841F9-E024-476A-85D5-1EF5DA41C954}.Debug|Any CPU.ActiveCfg = Debug|Any CPU
		{891841F9-E024-476A-85D5-1EF5DA41C954}.Debug|Any CPU.Build.0 = Debug|Any CPU
		{891841F9-E024-476A-85D5-1EF5DA41C954}.Debug|ARM.ActiveCfg = Debug|Any CPU
		{891841F9-E024-476A-85D5-1EF5DA41C954}.Debug|ARM.Build.0 = Debug|Any CPU
		{891841F9-E024-476A-85D5-1EF5DA41C954}.Debug|ARM64.ActiveCfg = Debug|Any CPU
		{891841F9-E024-476A-85D5-1EF5DA41C954}.Debug|ARM64.Build.0 = Debug|Any CPU
		{891841F9-E024-476A-85D5-1EF5DA41C954}.Debug|iPhone.ActiveCfg = Debug|Any CPU
		{891841F9-E024-476A-85D5-1EF5DA41C954}.Debug|iPhone.Build.0 = Debug|Any CPU
		{891841F9-E024-476A-85D5-1EF5DA41C954}.Debug|iPhoneSimulator.ActiveCfg = Debug|Any CPU
		{891841F9-E024-476A-85D5-1EF5DA41C954}.Debug|iPhoneSimulator.Build.0 = Debug|Any CPU
		{891841F9-E024-476A-85D5-1EF5DA41C954}.Debug|x64.ActiveCfg = Debug|Any CPU
		{891841F9-E024-476A-85D5-1EF5DA41C954}.Debug|x64.Build.0 = Debug|Any CPU
		{891841F9-E024-476A-85D5-1EF5DA41C954}.Debug|x86.ActiveCfg = Debug|Any CPU
		{891841F9-E024-476A-85D5-1EF5DA41C954}.Debug|x86.Build.0 = Debug|Any CPU
		{891841F9-E024-476A-85D5-1EF5DA41C954}.Release|Any CPU.ActiveCfg = Release|Any CPU
		{891841F9-E024-476A-85D5-1EF5DA41C954}.Release|Any CPU.Build.0 = Release|Any CPU
		{891841F9-E024-476A-85D5-1EF5DA41C954}.Release|ARM.ActiveCfg = Release|Any CPU
		{891841F9-E024-476A-85D5-1EF5DA41C954}.Release|ARM.Build.0 = Release|Any CPU
		{891841F9-E024-476A-85D5-1EF5DA41C954}.Release|ARM64.ActiveCfg = Release|Any CPU
		{891841F9-E024-476A-85D5-1EF5DA41C954}.Release|ARM64.Build.0 = Release|Any CPU
		{891841F9-E024-476A-85D5-1EF5DA41C954}.Release|iPhone.ActiveCfg = Release|Any CPU
		{891841F9-E024-476A-85D5-1EF5DA41C954}.Release|iPhone.Build.0 = Release|Any CPU
		{891841F9-E024-476A-85D5-1EF5DA41C954}.Release|iPhoneSimulator.ActiveCfg = Release|Any CPU
		{891841F9-E024-476A-85D5-1EF5DA41C954}.Release|iPhoneSimulator.Build.0 = Release|Any CPU
		{891841F9-E024-476A-85D5-1EF5DA41C954}.Release|x64.ActiveCfg = Release|Any CPU
		{891841F9-E024-476A-85D5-1EF5DA41C954}.Release|x64.Build.0 = Release|Any CPU
		{891841F9-E024-476A-85D5-1EF5DA41C954}.Release|x86.ActiveCfg = Release|Any CPU
		{891841F9-E024-476A-85D5-1EF5DA41C954}.Release|x86.Build.0 = Release|Any CPU
		{22CB00C7-E555-4306-B0E9-7ED9CE463EC7}.Ad-Hoc|Any CPU.ActiveCfg = Release|Any CPU
		{22CB00C7-E555-4306-B0E9-7ED9CE463EC7}.Ad-Hoc|Any CPU.Build.0 = Release|Any CPU
		{22CB00C7-E555-4306-B0E9-7ED9CE463EC7}.Ad-Hoc|ARM.ActiveCfg = Release|Any CPU
		{22CB00C7-E555-4306-B0E9-7ED9CE463EC7}.Ad-Hoc|ARM.Build.0 = Release|Any CPU
		{22CB00C7-E555-4306-B0E9-7ED9CE463EC7}.Ad-Hoc|ARM64.ActiveCfg = Release|Any CPU
		{22CB00C7-E555-4306-B0E9-7ED9CE463EC7}.Ad-Hoc|ARM64.Build.0 = Release|Any CPU
		{22CB00C7-E555-4306-B0E9-7ED9CE463EC7}.Ad-Hoc|iPhone.ActiveCfg = Release|Any CPU
		{22CB00C7-E555-4306-B0E9-7ED9CE463EC7}.Ad-Hoc|iPhone.Build.0 = Release|Any CPU
		{22CB00C7-E555-4306-B0E9-7ED9CE463EC7}.Ad-Hoc|iPhoneSimulator.ActiveCfg = Release|Any CPU
		{22CB00C7-E555-4306-B0E9-7ED9CE463EC7}.Ad-Hoc|iPhoneSimulator.Build.0 = Release|Any CPU
		{22CB00C7-E555-4306-B0E9-7ED9CE463EC7}.Ad-Hoc|x64.ActiveCfg = Release|Any CPU
		{22CB00C7-E555-4306-B0E9-7ED9CE463EC7}.Ad-Hoc|x64.Build.0 = Release|Any CPU
		{22CB00C7-E555-4306-B0E9-7ED9CE463EC7}.Ad-Hoc|x86.ActiveCfg = Release|Any CPU
		{22CB00C7-E555-4306-B0E9-7ED9CE463EC7}.Ad-Hoc|x86.Build.0 = Release|Any CPU
		{22CB00C7-E555-4306-B0E9-7ED9CE463EC7}.AppStore|Any CPU.ActiveCfg = Release|Any CPU
		{22CB00C7-E555-4306-B0E9-7ED9CE463EC7}.AppStore|Any CPU.Build.0 = Release|Any CPU
		{22CB00C7-E555-4306-B0E9-7ED9CE463EC7}.AppStore|ARM.ActiveCfg = Release|Any CPU
		{22CB00C7-E555-4306-B0E9-7ED9CE463EC7}.AppStore|ARM.Build.0 = Release|Any CPU
		{22CB00C7-E555-4306-B0E9-7ED9CE463EC7}.AppStore|ARM64.ActiveCfg = Release|Any CPU
		{22CB00C7-E555-4306-B0E9-7ED9CE463EC7}.AppStore|ARM64.Build.0 = Release|Any CPU
		{22CB00C7-E555-4306-B0E9-7ED9CE463EC7}.AppStore|iPhone.ActiveCfg = Release|Any CPU
		{22CB00C7-E555-4306-B0E9-7ED9CE463EC7}.AppStore|iPhone.Build.0 = Release|Any CPU
		{22CB00C7-E555-4306-B0E9-7ED9CE463EC7}.AppStore|iPhoneSimulator.ActiveCfg = Release|Any CPU
		{22CB00C7-E555-4306-B0E9-7ED9CE463EC7}.AppStore|iPhoneSimulator.Build.0 = Release|Any CPU
		{22CB00C7-E555-4306-B0E9-7ED9CE463EC7}.AppStore|x64.ActiveCfg = Release|Any CPU
		{22CB00C7-E555-4306-B0E9-7ED9CE463EC7}.AppStore|x64.Build.0 = Release|Any CPU
		{22CB00C7-E555-4306-B0E9-7ED9CE463EC7}.AppStore|x86.ActiveCfg = Release|Any CPU
		{22CB00C7-E555-4306-B0E9-7ED9CE463EC7}.AppStore|x86.Build.0 = Release|Any CPU
		{22CB00C7-E555-4306-B0E9-7ED9CE463EC7}.Debug|Any CPU.ActiveCfg = Debug|Any CPU
		{22CB00C7-E555-4306-B0E9-7ED9CE463EC7}.Debug|Any CPU.Build.0 = Debug|Any CPU
		{22CB00C7-E555-4306-B0E9-7ED9CE463EC7}.Debug|ARM.ActiveCfg = Debug|Any CPU
		{22CB00C7-E555-4306-B0E9-7ED9CE463EC7}.Debug|ARM.Build.0 = Debug|Any CPU
		{22CB00C7-E555-4306-B0E9-7ED9CE463EC7}.Debug|ARM64.ActiveCfg = Debug|Any CPU
		{22CB00C7-E555-4306-B0E9-7ED9CE463EC7}.Debug|ARM64.Build.0 = Debug|Any CPU
		{22CB00C7-E555-4306-B0E9-7ED9CE463EC7}.Debug|iPhone.ActiveCfg = Debug|Any CPU
		{22CB00C7-E555-4306-B0E9-7ED9CE463EC7}.Debug|iPhone.Build.0 = Debug|Any CPU
		{22CB00C7-E555-4306-B0E9-7ED9CE463EC7}.Debug|iPhoneSimulator.ActiveCfg = Debug|Any CPU
		{22CB00C7-E555-4306-B0E9-7ED9CE463EC7}.Debug|iPhoneSimulator.Build.0 = Debug|Any CPU
		{22CB00C7-E555-4306-B0E9-7ED9CE463EC7}.Debug|x64.ActiveCfg = Debug|Any CPU
		{22CB00C7-E555-4306-B0E9-7ED9CE463EC7}.Debug|x64.Build.0 = Debug|Any CPU
		{22CB00C7-E555-4306-B0E9-7ED9CE463EC7}.Debug|x86.ActiveCfg = Debug|Any CPU
		{22CB00C7-E555-4306-B0E9-7ED9CE463EC7}.Debug|x86.Build.0 = Debug|Any CPU
		{22CB00C7-E555-4306-B0E9-7ED9CE463EC7}.Release|Any CPU.ActiveCfg = Release|Any CPU
		{22CB00C7-E555-4306-B0E9-7ED9CE463EC7}.Release|Any CPU.Build.0 = Release|Any CPU
		{22CB00C7-E555-4306-B0E9-7ED9CE463EC7}.Release|ARM.ActiveCfg = Release|Any CPU
		{22CB00C7-E555-4306-B0E9-7ED9CE463EC7}.Release|ARM.Build.0 = Release|Any CPU
		{22CB00C7-E555-4306-B0E9-7ED9CE463EC7}.Release|ARM64.ActiveCfg = Release|Any CPU
		{22CB00C7-E555-4306-B0E9-7ED9CE463EC7}.Release|ARM64.Build.0 = Release|Any CPU
		{22CB00C7-E555-4306-B0E9-7ED9CE463EC7}.Release|iPhone.ActiveCfg = Release|Any CPU
		{22CB00C7-E555-4306-B0E9-7ED9CE463EC7}.Release|iPhone.Build.0 = Release|Any CPU
		{22CB00C7-E555-4306-B0E9-7ED9CE463EC7}.Release|iPhoneSimulator.ActiveCfg = Release|Any CPU
		{22CB00C7-E555-4306-B0E9-7ED9CE463EC7}.Release|iPhoneSimulator.Build.0 = Release|Any CPU
		{22CB00C7-E555-4306-B0E9-7ED9CE463EC7}.Release|x64.ActiveCfg = Release|Any CPU
		{22CB00C7-E555-4306-B0E9-7ED9CE463EC7}.Release|x64.Build.0 = Release|Any CPU
		{22CB00C7-E555-4306-B0E9-7ED9CE463EC7}.Release|x86.ActiveCfg = Release|Any CPU
		{22CB00C7-E555-4306-B0E9-7ED9CE463EC7}.Release|x86.Build.0 = Release|Any CPU
	EndGlobalSection
	GlobalSection(SolutionProperties) = preSolution
		HideSolutionNode = FALSE
	EndGlobalSection
	GlobalSection(NestedProjects) = preSolution
		{6279C845-92F8-4333-AB99-3D213163593C} = {1734014C-AE73-4F69-B495-57A9C19C9872}
		{4A4A0EA1-2FC2-4472-8AA6-BA8F8317BE61} = {C3A4AA4E-E7F4-4D08-AB6C-AB589AAD5BA3}
		{1DD16BB2-E2A7-4604-965B-D1CF3F83922F} = {C3A4AA4E-E7F4-4D08-AB6C-AB589AAD5BA3}
		{7716EE7B-B3D5-450A-ABCE-977DDAD51CAF} = {C3A4AA4E-E7F4-4D08-AB6C-AB589AAD5BA3}
		{6118C05D-82E9-4150-8EF0-3B43E5050409} = {C3A4AA4E-E7F4-4D08-AB6C-AB589AAD5BA3}
		{7130D60B-92EF-402D-B155-0DFF1A2F0A5B} = {C3A4AA4E-E7F4-4D08-AB6C-AB589AAD5BA3}
		{8C345E85-404E-4A74-89F0-BD67C9B57738} = {C3A4AA4E-E7F4-4D08-AB6C-AB589AAD5BA3}
		{891841F9-E024-476A-85D5-1EF5DA41C954} = {C3A4AA4E-E7F4-4D08-AB6C-AB589AAD5BA3}
		{22CB00C7-E555-4306-B0E9-7ED9CE463EC7} = {C3A4AA4E-E7F4-4D08-AB6C-AB589AAD5BA3}
		{C3A4AA4E-E7F4-4D08-AB6C-AB589AAD5BA3} = {1734014C-AE73-4F69-B495-57A9C19C9872}
	EndGlobalSection
	GlobalSection(ExtensibilityGlobals) = postSolution
		SolutionGuid = {36FFC152-7772-46D8-B7F0-DC925B3051E1}
	EndGlobalSection
EndGlobal
