
Microsoft Visual Studio Solution File, Format Version 12.00
# Visual Studio Version 16
VisualStudioVersion = 16.0.30621.155
MinimumVisualStudioVersion = 10.0.40219.1
Project("{9A19103F-16F7-4668-BE54-9A1E7A4F7556}") = "P42.Uno.AsyncNavigation", "P42.Uno.AsyncNavigation\P42.Uno.AsyncNavigation.csproj", "{0424D5EF-87D6-401E-98DE-203C14A3CC0D}"
EndProject
Project("{2150E333-8FDC-42A3-9474-1A3956D46DE8}") = "SampleX", "SampleX", "{A40B2D8C-48F4-44E2-AC00-826A31E287F5}"
EndProject
Project("{2150E333-8FDC-42A3-9474-1A3956D46DE8}") = "Platforms", "Platforms", "{D1CAC290-29BC-45FB-88B9-D9D8A993611C}"
EndProject
Project("{FAE04EC0-301F-11D3-BF4B-00C04F79EFBC}") = "SampleX.Droid", "SampleX\SampleX.Droid\SampleX.Droid.csproj", "{D20EC36E-70F8-419D-8B7F-9BFE15D88818}"
EndProject
Project("{FAE04EC0-301F-11D3-BF4B-00C04F79EFBC}") = "SampleX.iOS", "SampleX\SampleX.iOS\SampleX.iOS.csproj", "{1F346C7D-FC31-4ABF-AD94-4DE56D3995F8}"
EndProject
Project("{FAE04EC0-301F-11D3-BF4B-00C04F79EFBC}") = "SampleX.UWP", "SampleX\SampleX.UWP\SampleX.UWP.csproj", "{E826C775-C1D5-4F7C-BB53-30EA9781BA06}"
EndProject
Project("{9A19103F-16F7-4668-BE54-9A1E7A4F7556}") = "SampleX.Wasm", "SampleX\SampleX.Wasm\SampleX.Wasm.csproj", "{B10C2D26-4F0F-4986-8CA7-086CB923EABD}"
EndProject
Project("{FAE04EC0-301F-11D3-BF4B-00C04F79EFBC}") = "SampleX.macOS", "SampleX\SampleX.macOS\SampleX.macOS.csproj", "{068DCC33-0515-4BF5-B73F-580A6FAAC88F}"
EndProject
Project("{9A19103F-16F7-4668-BE54-9A1E7A4F7556}") = "SampleX.Skia.Wpf.Host", "SampleX\SampleX.Skia.Wpf.Host\SampleX.Skia.Wpf.Host.csproj", "{F30ACF94-C5AE-4BAF-89F8-9094E18E22B0}"
EndProject
Project("{9A19103F-16F7-4668-BE54-9A1E7A4F7556}") = "SampleX.Skia.Wpf", "SampleX\SampleX.Skia.Wpf\SampleX.Skia.Wpf.csproj", "{E8726FE8-7692-459B-B346-CB84CE12A4EE}"
EndProject
Project("{9A19103F-16F7-4668-BE54-9A1E7A4F7556}") = "SampleX.Skia.Gtk", "SampleX\SampleX.Skia.Gtk\SampleX.Skia.Gtk.csproj", "{41FF475A-8DFA-41B6-A95C-0F26F9F8EA3B}"
EndProject
Project("{9A19103F-16F7-4668-BE54-9A1E7A4F7556}") = "SampleX.Skia.Tizen", "SampleX\SampleX.Skia.Tizen\SampleX.Skia.Tizen.csproj", "{0CDA192E-3109-4EAA-9785-E7C64E40C946}"
EndProject
Project("{D954291E-2A0B-460D-934E-DC6B0785DB48}") = "SampleX.Shared", "SampleX\SampleX.Shared\SampleX.Shared.shproj", "{6AEB3204-E9AC-4C3A-8A5C-CB34754559C5}"
EndProject
Global
	GlobalSection(SharedMSBuildProjectFiles) = preSolution
		SampleX\SampleX.Shared\SampleX.Shared.projitems*{068dcc33-0515-4bf5-b73f-580a6faac88f}*SharedItemsImports = 4
		SampleX\SampleX.Shared\SampleX.Shared.projitems*{0cda192e-3109-4eaa-9785-e7c64e40c946}*SharedItemsImports = 5
		SampleX\SampleX.Shared\SampleX.Shared.projitems*{1f346c7d-fc31-4abf-ad94-4de56d3995f8}*SharedItemsImports = 4
		SampleX\SampleX.Shared\SampleX.Shared.projitems*{41ff475a-8dfa-41b6-a95c-0f26f9f8ea3b}*SharedItemsImports = 5
		SampleX\SampleX.Shared\SampleX.Shared.projitems*{6aeb3204-e9ac-4c3a-8a5c-cb34754559c5}*SharedItemsImports = 13
		SampleX\SampleX.Shared\SampleX.Shared.projitems*{b10c2d26-4f0f-4986-8ca7-086cb923eabd}*SharedItemsImports = 5
		SampleX\SampleX.Shared\SampleX.Shared.projitems*{d20ec36e-70f8-419d-8b7f-9bfe15d88818}*SharedItemsImports = 4
		SampleX\SampleX.Shared\SampleX.Shared.projitems*{e826c775-c1d5-4f7c-bb53-30ea9781ba06}*SharedItemsImports = 4
		SampleX\SampleX.Shared\SampleX.Shared.projitems*{e8726fe8-7692-459b-b346-cb84ce12a4ee}*SharedItemsImports = 5
	EndGlobalSection
	GlobalSection(SolutionConfigurationPlatforms) = preSolution
		Ad-Hoc|Any CPU = Ad-Hoc|Any CPU
		Ad-Hoc|ARM = Ad-Hoc|ARM
		Ad-Hoc|ARM64 = Ad-Hoc|ARM64
		Ad-Hoc|iPhone = Ad-Hoc|iPhone
		Ad-Hoc|iPhoneSimulator = Ad-Hoc|iPhoneSimulator
		Ad-Hoc|x64 = Ad-Hoc|x64
		Ad-Hoc|x86 = Ad-Hoc|x86
		AppStore|Any CPU = AppStore|Any CPU
		AppStore|ARM = AppStore|ARM
		AppStore|ARM64 = AppStore|ARM64
		AppStore|iPhone = AppStore|iPhone
		AppStore|iPhoneSimulator = AppStore|iPhoneSimulator
		AppStore|x64 = AppStore|x64
		AppStore|x86 = AppStore|x86
		Debug|Any CPU = Debug|Any CPU
		Debug|ARM = Debug|ARM
		Debug|ARM64 = Debug|ARM64
		Debug|iPhone = Debug|iPhone
		Debug|iPhoneSimulator = Debug|iPhoneSimulator
		Debug|x64 = Debug|x64
		Debug|x86 = Debug|x86
		Release|Any CPU = Release|Any CPU
		Release|ARM = Release|ARM
		Release|ARM64 = Release|ARM64
		Release|iPhone = Release|iPhone
		Release|iPhoneSimulator = Release|iPhoneSimulator
		Release|x64 = Release|x64
		Release|x86 = Release|x86
	EndGlobalSection
	GlobalSection(ProjectConfigurationPlatforms) = postSolution
		{0424D5EF-87D6-401E-98DE-203C14A3CC0D}.Ad-Hoc|Any CPU.ActiveCfg = Debug|Any CPU
		{0424D5EF-87D6-401E-98DE-203C14A3CC0D}.Ad-Hoc|Any CPU.Build.0 = Debug|Any CPU
		{0424D5EF-87D6-401E-98DE-203C14A3CC0D}.Ad-Hoc|ARM.ActiveCfg = Debug|Any CPU
		{0424D5EF-87D6-401E-98DE-203C14A3CC0D}.Ad-Hoc|ARM.Build.0 = Debug|Any CPU
		{0424D5EF-87D6-401E-98DE-203C14A3CC0D}.Ad-Hoc|ARM64.ActiveCfg = Debug|Any CPU
		{0424D5EF-87D6-401E-98DE-203C14A3CC0D}.Ad-Hoc|ARM64.Build.0 = Debug|Any CPU
		{0424D5EF-87D6-401E-98DE-203C14A3CC0D}.Ad-Hoc|iPhone.ActiveCfg = Debug|Any CPU
		{0424D5EF-87D6-401E-98DE-203C14A3CC0D}.Ad-Hoc|iPhone.Build.0 = Debug|Any CPU
		{0424D5EF-87D6-401E-98DE-203C14A3CC0D}.Ad-Hoc|iPhoneSimulator.ActiveCfg = Debug|Any CPU
		{0424D5EF-87D6-401E-98DE-203C14A3CC0D}.Ad-Hoc|iPhoneSimulator.Build.0 = Debug|Any CPU
		{0424D5EF-87D6-401E-98DE-203C14A3CC0D}.Ad-Hoc|x64.ActiveCfg = Debug|Any CPU
		{0424D5EF-87D6-401E-98DE-203C14A3CC0D}.Ad-Hoc|x64.Build.0 = Debug|Any CPU
		{0424D5EF-87D6-401E-98DE-203C14A3CC0D}.Ad-Hoc|x86.ActiveCfg = Debug|Any CPU
		{0424D5EF-87D6-401E-98DE-203C14A3CC0D}.Ad-Hoc|x86.Build.0 = Debug|Any CPU
		{0424D5EF-87D6-401E-98DE-203C14A3CC0D}.AppStore|Any CPU.ActiveCfg = Debug|Any CPU
		{0424D5EF-87D6-401E-98DE-203C14A3CC0D}.AppStore|Any CPU.Build.0 = Debug|Any CPU
		{0424D5EF-87D6-401E-98DE-203C14A3CC0D}.AppStore|ARM.ActiveCfg = Debug|Any CPU
		{0424D5EF-87D6-401E-98DE-203C14A3CC0D}.AppStore|ARM.Build.0 = Debug|Any CPU
		{0424D5EF-87D6-401E-98DE-203C14A3CC0D}.AppStore|ARM64.ActiveCfg = Debug|Any CPU
		{0424D5EF-87D6-401E-98DE-203C14A3CC0D}.AppStore|ARM64.Build.0 = Debug|Any CPU
		{0424D5EF-87D6-401E-98DE-203C14A3CC0D}.AppStore|iPhone.ActiveCfg = Debug|Any CPU
		{0424D5EF-87D6-401E-98DE-203C14A3CC0D}.AppStore|iPhone.Build.0 = Debug|Any CPU
		{0424D5EF-87D6-401E-98DE-203C14A3CC0D}.AppStore|iPhoneSimulator.ActiveCfg = Debug|Any CPU
		{0424D5EF-87D6-401E-98DE-203C14A3CC0D}.AppStore|iPhoneSimulator.Build.0 = Debug|Any CPU
		{0424D5EF-87D6-401E-98DE-203C14A3CC0D}.AppStore|x64.ActiveCfg = Debug|Any CPU
		{0424D5EF-87D6-401E-98DE-203C14A3CC0D}.AppStore|x64.Build.0 = Debug|Any CPU
		{0424D5EF-87D6-401E-98DE-203C14A3CC0D}.AppStore|x86.ActiveCfg = Debug|Any CPU
		{0424D5EF-87D6-401E-98DE-203C14A3CC0D}.AppStore|x86.Build.0 = Debug|Any CPU
		{0424D5EF-87D6-401E-98DE-203C14A3CC0D}.Debug|Any CPU.ActiveCfg = Debug|Any CPU
		{0424D5EF-87D6-401E-98DE-203C14A3CC0D}.Debug|Any CPU.Build.0 = Debug|Any CPU
		{0424D5EF-87D6-401E-98DE-203C14A3CC0D}.Debug|ARM.ActiveCfg = Debug|Any CPU
		{0424D5EF-87D6-401E-98DE-203C14A3CC0D}.Debug|ARM.Build.0 = Debug|Any CPU
		{0424D5EF-87D6-401E-98DE-203C14A3CC0D}.Debug|ARM64.ActiveCfg = Debug|Any CPU
		{0424D5EF-87D6-401E-98DE-203C14A3CC0D}.Debug|ARM64.Build.0 = Debug|Any CPU
		{0424D5EF-87D6-401E-98DE-203C14A3CC0D}.Debug|iPhone.ActiveCfg = Debug|Any CPU
		{0424D5EF-87D6-401E-98DE-203C14A3CC0D}.Debug|iPhone.Build.0 = Debug|Any CPU
		{0424D5EF-87D6-401E-98DE-203C14A3CC0D}.Debug|iPhoneSimulator.ActiveCfg = Debug|Any CPU
		{0424D5EF-87D6-401E-98DE-203C14A3CC0D}.Debug|iPhoneSimulator.Build.0 = Debug|Any CPU
		{0424D5EF-87D6-401E-98DE-203C14A3CC0D}.Debug|x64.ActiveCfg = Debug|Any CPU
		{0424D5EF-87D6-401E-98DE-203C14A3CC0D}.Debug|x64.Build.0 = Debug|Any CPU
		{0424D5EF-87D6-401E-98DE-203C14A3CC0D}.Debug|x86.ActiveCfg = Debug|Any CPU
		{0424D5EF-87D6-401E-98DE-203C14A3CC0D}.Debug|x86.Build.0 = Debug|Any CPU
		{0424D5EF-87D6-401E-98DE-203C14A3CC0D}.Release|Any CPU.ActiveCfg = Release|Any CPU
		{0424D5EF-87D6-401E-98DE-203C14A3CC0D}.Release|Any CPU.Build.0 = Release|Any CPU
		{0424D5EF-87D6-401E-98DE-203C14A3CC0D}.Release|ARM.ActiveCfg = Release|Any CPU
		{0424D5EF-87D6-401E-98DE-203C14A3CC0D}.Release|ARM.Build.0 = Release|Any CPU
		{0424D5EF-87D6-401E-98DE-203C14A3CC0D}.Release|ARM64.ActiveCfg = Release|Any CPU
		{0424D5EF-87D6-401E-98DE-203C14A3CC0D}.Release|ARM64.Build.0 = Release|Any CPU
		{0424D5EF-87D6-401E-98DE-203C14A3CC0D}.Release|iPhone.ActiveCfg = Release|Any CPU
		{0424D5EF-87D6-401E-98DE-203C14A3CC0D}.Release|iPhone.Build.0 = Release|Any CPU
		{0424D5EF-87D6-401E-98DE-203C14A3CC0D}.Release|iPhoneSimulator.ActiveCfg = Release|Any CPU
		{0424D5EF-87D6-401E-98DE-203C14A3CC0D}.Release|iPhoneSimulator.Build.0 = Release|Any CPU
		{0424D5EF-87D6-401E-98DE-203C14A3CC0D}.Release|x64.ActiveCfg = Release|Any CPU
		{0424D5EF-87D6-401E-98DE-203C14A3CC0D}.Release|x64.Build.0 = Release|Any CPU
		{0424D5EF-87D6-401E-98DE-203C14A3CC0D}.Release|x86.ActiveCfg = Release|Any CPU
		{0424D5EF-87D6-401E-98DE-203C14A3CC0D}.Release|x86.Build.0 = Release|Any CPU
		{D20EC36E-70F8-419D-8B7F-9BFE15D88818}.Ad-Hoc|Any CPU.ActiveCfg = Debug|Any CPU
		{D20EC36E-70F8-419D-8B7F-9BFE15D88818}.Ad-Hoc|Any CPU.Build.0 = Debug|Any CPU
		{D20EC36E-70F8-419D-8B7F-9BFE15D88818}.Ad-Hoc|Any CPU.Deploy.0 = Debug|Any CPU
		{D20EC36E-70F8-419D-8B7F-9BFE15D88818}.Ad-Hoc|ARM.ActiveCfg = Debug|Any CPU
		{D20EC36E-70F8-419D-8B7F-9BFE15D88818}.Ad-Hoc|ARM.Build.0 = Debug|Any CPU
		{D20EC36E-70F8-419D-8B7F-9BFE15D88818}.Ad-Hoc|ARM.Deploy.0 = Debug|Any CPU
		{D20EC36E-70F8-419D-8B7F-9BFE15D88818}.Ad-Hoc|ARM64.ActiveCfg = Debug|Any CPU
		{D20EC36E-70F8-419D-8B7F-9BFE15D88818}.Ad-Hoc|ARM64.Build.0 = Debug|Any CPU
		{D20EC36E-70F8-419D-8B7F-9BFE15D88818}.Ad-Hoc|ARM64.Deploy.0 = Debug|Any CPU
		{D20EC36E-70F8-419D-8B7F-9BFE15D88818}.Ad-Hoc|iPhone.ActiveCfg = Debug|Any CPU
		{D20EC36E-70F8-419D-8B7F-9BFE15D88818}.Ad-Hoc|iPhone.Build.0 = Debug|Any CPU
		{D20EC36E-70F8-419D-8B7F-9BFE15D88818}.Ad-Hoc|iPhone.Deploy.0 = Debug|Any CPU
		{D20EC36E-70F8-419D-8B7F-9BFE15D88818}.Ad-Hoc|iPhoneSimulator.ActiveCfg = Debug|Any CPU
		{D20EC36E-70F8-419D-8B7F-9BFE15D88818}.Ad-Hoc|iPhoneSimulator.Build.0 = Debug|Any CPU
		{D20EC36E-70F8-419D-8B7F-9BFE15D88818}.Ad-Hoc|iPhoneSimulator.Deploy.0 = Debug|Any CPU
		{D20EC36E-70F8-419D-8B7F-9BFE15D88818}.Ad-Hoc|x64.ActiveCfg = Debug|Any CPU
		{D20EC36E-70F8-419D-8B7F-9BFE15D88818}.Ad-Hoc|x64.Build.0 = Debug|Any CPU
		{D20EC36E-70F8-419D-8B7F-9BFE15D88818}.Ad-Hoc|x64.Deploy.0 = Debug|Any CPU
		{D20EC36E-70F8-419D-8B7F-9BFE15D88818}.Ad-Hoc|x86.ActiveCfg = Debug|Any CPU
		{D20EC36E-70F8-419D-8B7F-9BFE15D88818}.Ad-Hoc|x86.Build.0 = Debug|Any CPU
		{D20EC36E-70F8-419D-8B7F-9BFE15D88818}.Ad-Hoc|x86.Deploy.0 = Debug|Any CPU
		{D20EC36E-70F8-419D-8B7F-9BFE15D88818}.AppStore|Any CPU.ActiveCfg = Debug|Any CPU
		{D20EC36E-70F8-419D-8B7F-9BFE15D88818}.AppStore|Any CPU.Build.0 = Debug|Any CPU
		{D20EC36E-70F8-419D-8B7F-9BFE15D88818}.AppStore|Any CPU.Deploy.0 = Debug|Any CPU
		{D20EC36E-70F8-419D-8B7F-9BFE15D88818}.AppStore|ARM.ActiveCfg = Debug|Any CPU
		{D20EC36E-70F8-419D-8B7F-9BFE15D88818}.AppStore|ARM.Build.0 = Debug|Any CPU
		{D20EC36E-70F8-419D-8B7F-9BFE15D88818}.AppStore|ARM.Deploy.0 = Debug|Any CPU
		{D20EC36E-70F8-419D-8B7F-9BFE15D88818}.AppStore|ARM64.ActiveCfg = Debug|Any CPU
		{D20EC36E-70F8-419D-8B7F-9BFE15D88818}.AppStore|ARM64.Build.0 = Debug|Any CPU
		{D20EC36E-70F8-419D-8B7F-9BFE15D88818}.AppStore|ARM64.Deploy.0 = Debug|Any CPU
		{D20EC36E-70F8-419D-8B7F-9BFE15D88818}.AppStore|iPhone.ActiveCfg = Debug|Any CPU
		{D20EC36E-70F8-419D-8B7F-9BFE15D88818}.AppStore|iPhone.Build.0 = Debug|Any CPU
		{D20EC36E-70F8-419D-8B7F-9BFE15D88818}.AppStore|iPhone.Deploy.0 = Debug|Any CPU
		{D20EC36E-70F8-419D-8B7F-9BFE15D88818}.AppStore|iPhoneSimulator.ActiveCfg = Debug|Any CPU
		{D20EC36E-70F8-419D-8B7F-9BFE15D88818}.AppStore|iPhoneSimulator.Build.0 = Debug|Any CPU
		{D20EC36E-70F8-419D-8B7F-9BFE15D88818}.AppStore|iPhoneSimulator.Deploy.0 = Debug|Any CPU
		{D20EC36E-70F8-419D-8B7F-9BFE15D88818}.AppStore|x64.ActiveCfg = Debug|Any CPU
		{D20EC36E-70F8-419D-8B7F-9BFE15D88818}.AppStore|x64.Build.0 = Debug|Any CPU
		{D20EC36E-70F8-419D-8B7F-9BFE15D88818}.AppStore|x64.Deploy.0 = Debug|Any CPU
		{D20EC36E-70F8-419D-8B7F-9BFE15D88818}.AppStore|x86.ActiveCfg = Debug|Any CPU
		{D20EC36E-70F8-419D-8B7F-9BFE15D88818}.AppStore|x86.Build.0 = Debug|Any CPU
		{D20EC36E-70F8-419D-8B7F-9BFE15D88818}.AppStore|x86.Deploy.0 = Debug|Any CPU
		{D20EC36E-70F8-419D-8B7F-9BFE15D88818}.Debug|Any CPU.ActiveCfg = Debug|Any CPU
		{D20EC36E-70F8-419D-8B7F-9BFE15D88818}.Debug|Any CPU.Build.0 = Debug|Any CPU
		{D20EC36E-70F8-419D-8B7F-9BFE15D88818}.Debug|Any CPU.Deploy.0 = Debug|Any CPU
		{D20EC36E-70F8-419D-8B7F-9BFE15D88818}.Debug|ARM.ActiveCfg = Debug|Any CPU
		{D20EC36E-70F8-419D-8B7F-9BFE15D88818}.Debug|ARM.Build.0 = Debug|Any CPU
		{D20EC36E-70F8-419D-8B7F-9BFE15D88818}.Debug|ARM.Deploy.0 = Debug|Any CPU
		{D20EC36E-70F8-419D-8B7F-9BFE15D88818}.Debug|ARM64.ActiveCfg = Debug|Any CPU
		{D20EC36E-70F8-419D-8B7F-9BFE15D88818}.Debug|ARM64.Build.0 = Debug|Any CPU
		{D20EC36E-70F8-419D-8B7F-9BFE15D88818}.Debug|ARM64.Deploy.0 = Debug|Any CPU
		{D20EC36E-70F8-419D-8B7F-9BFE15D88818}.Debug|iPhone.ActiveCfg = Debug|Any CPU
		{D20EC36E-70F8-419D-8B7F-9BFE15D88818}.Debug|iPhone.Build.0 = Debug|Any CPU
		{D20EC36E-70F8-419D-8B7F-9BFE15D88818}.Debug|iPhone.Deploy.0 = Debug|Any CPU
		{D20EC36E-70F8-419D-8B7F-9BFE15D88818}.Debug|iPhoneSimulator.ActiveCfg = Debug|Any CPU
		{D20EC36E-70F8-419D-8B7F-9BFE15D88818}.Debug|iPhoneSimulator.Build.0 = Debug|Any CPU
		{D20EC36E-70F8-419D-8B7F-9BFE15D88818}.Debug|iPhoneSimulator.Deploy.0 = Debug|Any CPU
		{D20EC36E-70F8-419D-8B7F-9BFE15D88818}.Debug|x64.ActiveCfg = Debug|Any CPU
		{D20EC36E-70F8-419D-8B7F-9BFE15D88818}.Debug|x64.Build.0 = Debug|Any CPU
		{D20EC36E-70F8-419D-8B7F-9BFE15D88818}.Debug|x64.Deploy.0 = Debug|Any CPU
		{D20EC36E-70F8-419D-8B7F-9BFE15D88818}.Debug|x86.ActiveCfg = Debug|Any CPU
		{D20EC36E-70F8-419D-8B7F-9BFE15D88818}.Debug|x86.Build.0 = Debug|Any CPU
		{D20EC36E-70F8-419D-8B7F-9BFE15D88818}.Debug|x86.Deploy.0 = Debug|Any CPU
		{D20EC36E-70F8-419D-8B7F-9BFE15D88818}.Release|Any CPU.ActiveCfg = Release|Any CPU
		{D20EC36E-70F8-419D-8B7F-9BFE15D88818}.Release|Any CPU.Build.0 = Release|Any CPU
		{D20EC36E-70F8-419D-8B7F-9BFE15D88818}.Release|Any CPU.Deploy.0 = Release|Any CPU
		{D20EC36E-70F8-419D-8B7F-9BFE15D88818}.Release|ARM.ActiveCfg = Release|Any CPU
		{D20EC36E-70F8-419D-8B7F-9BFE15D88818}.Release|ARM.Build.0 = Release|Any CPU
		{D20EC36E-70F8-419D-8B7F-9BFE15D88818}.Release|ARM.Deploy.0 = Release|Any CPU
		{D20EC36E-70F8-419D-8B7F-9BFE15D88818}.Release|ARM64.ActiveCfg = Release|Any CPU
		{D20EC36E-70F8-419D-8B7F-9BFE15D88818}.Release|ARM64.Build.0 = Release|Any CPU
		{D20EC36E-70F8-419D-8B7F-9BFE15D88818}.Release|ARM64.Deploy.0 = Release|Any CPU
		{D20EC36E-70F8-419D-8B7F-9BFE15D88818}.Release|iPhone.ActiveCfg = Release|Any CPU
		{D20EC36E-70F8-419D-8B7F-9BFE15D88818}.Release|iPhone.Build.0 = Release|Any CPU
		{D20EC36E-70F8-419D-8B7F-9BFE15D88818}.Release|iPhone.Deploy.0 = Release|Any CPU
		{D20EC36E-70F8-419D-8B7F-9BFE15D88818}.Release|iPhoneSimulator.ActiveCfg = Release|Any CPU
		{D20EC36E-70F8-419D-8B7F-9BFE15D88818}.Release|iPhoneSimulator.Build.0 = Release|Any CPU
		{D20EC36E-70F8-419D-8B7F-9BFE15D88818}.Release|iPhoneSimulator.Deploy.0 = Release|Any CPU
		{D20EC36E-70F8-419D-8B7F-9BFE15D88818}.Release|x64.ActiveCfg = Release|Any CPU
		{D20EC36E-70F8-419D-8B7F-9BFE15D88818}.Release|x64.Build.0 = Release|Any CPU
		{D20EC36E-70F8-419D-8B7F-9BFE15D88818}.Release|x64.Deploy.0 = Release|Any CPU
		{D20EC36E-70F8-419D-8B7F-9BFE15D88818}.Release|x86.ActiveCfg = Release|Any CPU
		{D20EC36E-70F8-419D-8B7F-9BFE15D88818}.Release|x86.Build.0 = Release|Any CPU
		{D20EC36E-70F8-419D-8B7F-9BFE15D88818}.Release|x86.Deploy.0 = Release|Any CPU
		{1F346C7D-FC31-4ABF-AD94-4DE56D3995F8}.Ad-Hoc|Any CPU.ActiveCfg = Ad-Hoc|iPhoneSimulator
		{1F346C7D-FC31-4ABF-AD94-4DE56D3995F8}.Ad-Hoc|ARM.ActiveCfg = Ad-Hoc|iPhoneSimulator
		{1F346C7D-FC31-4ABF-AD94-4DE56D3995F8}.Ad-Hoc|ARM64.ActiveCfg = Ad-Hoc|iPhoneSimulator
		{1F346C7D-FC31-4ABF-AD94-4DE56D3995F8}.Ad-Hoc|iPhone.ActiveCfg = Ad-Hoc|iPhone
		{1F346C7D-FC31-4ABF-AD94-4DE56D3995F8}.Ad-Hoc|iPhone.Build.0 = Ad-Hoc|iPhone
		{1F346C7D-FC31-4ABF-AD94-4DE56D3995F8}.Ad-Hoc|iPhoneSimulator.ActiveCfg = Ad-Hoc|iPhoneSimulator
		{1F346C7D-FC31-4ABF-AD94-4DE56D3995F8}.Ad-Hoc|iPhoneSimulator.Build.0 = Ad-Hoc|iPhoneSimulator
		{1F346C7D-FC31-4ABF-AD94-4DE56D3995F8}.Ad-Hoc|x64.ActiveCfg = Ad-Hoc|iPhoneSimulator
		{1F346C7D-FC31-4ABF-AD94-4DE56D3995F8}.Ad-Hoc|x86.ActiveCfg = Ad-Hoc|iPhoneSimulator
		{1F346C7D-FC31-4ABF-AD94-4DE56D3995F8}.AppStore|Any CPU.ActiveCfg = AppStore|iPhoneSimulator
		{1F346C7D-FC31-4ABF-AD94-4DE56D3995F8}.AppStore|ARM.ActiveCfg = AppStore|iPhoneSimulator
		{1F346C7D-FC31-4ABF-AD94-4DE56D3995F8}.AppStore|ARM64.ActiveCfg = AppStore|iPhoneSimulator
		{1F346C7D-FC31-4ABF-AD94-4DE56D3995F8}.AppStore|iPhone.ActiveCfg = AppStore|iPhone
		{1F346C7D-FC31-4ABF-AD94-4DE56D3995F8}.AppStore|iPhone.Build.0 = AppStore|iPhone
		{1F346C7D-FC31-4ABF-AD94-4DE56D3995F8}.AppStore|iPhoneSimulator.ActiveCfg = AppStore|iPhoneSimulator
		{1F346C7D-FC31-4ABF-AD94-4DE56D3995F8}.AppStore|iPhoneSimulator.Build.0 = AppStore|iPhoneSimulator
		{1F346C7D-FC31-4ABF-AD94-4DE56D3995F8}.AppStore|x64.ActiveCfg = AppStore|iPhoneSimulator
		{1F346C7D-FC31-4ABF-AD94-4DE56D3995F8}.AppStore|x86.ActiveCfg = AppStore|iPhoneSimulator
		{1F346C7D-FC31-4ABF-AD94-4DE56D3995F8}.Debug|Any CPU.ActiveCfg = Debug|iPhoneSimulator
		{1F346C7D-FC31-4ABF-AD94-4DE56D3995F8}.Debug|ARM.ActiveCfg = Debug|iPhoneSimulator
		{1F346C7D-FC31-4ABF-AD94-4DE56D3995F8}.Debug|ARM64.ActiveCfg = Debug|iPhoneSimulator
		{1F346C7D-FC31-4ABF-AD94-4DE56D3995F8}.Debug|iPhone.ActiveCfg = Debug|iPhone
		{1F346C7D-FC31-4ABF-AD94-4DE56D3995F8}.Debug|iPhone.Build.0 = Debug|iPhone
		{1F346C7D-FC31-4ABF-AD94-4DE56D3995F8}.Debug|iPhoneSimulator.ActiveCfg = Debug|iPhoneSimulator
		{1F346C7D-FC31-4ABF-AD94-4DE56D3995F8}.Debug|iPhoneSimulator.Build.0 = Debug|iPhoneSimulator
		{1F346C7D-FC31-4ABF-AD94-4DE56D3995F8}.Debug|x64.ActiveCfg = Debug|iPhoneSimulator
		{1F346C7D-FC31-4ABF-AD94-4DE56D3995F8}.Debug|x86.ActiveCfg = Debug|iPhoneSimulator
		{1F346C7D-FC31-4ABF-AD94-4DE56D3995F8}.Release|Any CPU.ActiveCfg = Release|iPhoneSimulator
		{1F346C7D-FC31-4ABF-AD94-4DE56D3995F8}.Release|ARM.ActiveCfg = Release|iPhoneSimulator
		{1F346C7D-FC31-4ABF-AD94-4DE56D3995F8}.Release|ARM64.ActiveCfg = Release|iPhoneSimulator
		{1F346C7D-FC31-4ABF-AD94-4DE56D3995F8}.Release|iPhone.ActiveCfg = Release|iPhone
		{1F346C7D-FC31-4ABF-AD94-4DE56D3995F8}.Release|iPhone.Build.0 = Release|iPhone
		{1F346C7D-FC31-4ABF-AD94-4DE56D3995F8}.Release|iPhoneSimulator.ActiveCfg = Release|iPhoneSimulator
		{1F346C7D-FC31-4ABF-AD94-4DE56D3995F8}.Release|iPhoneSimulator.Build.0 = Release|iPhoneSimulator
		{1F346C7D-FC31-4ABF-AD94-4DE56D3995F8}.Release|x64.ActiveCfg = Release|iPhoneSimulator
		{1F346C7D-FC31-4ABF-AD94-4DE56D3995F8}.Release|x86.ActiveCfg = Release|iPhoneSimulator
		{E826C775-C1D5-4F7C-BB53-30EA9781BA06}.Ad-Hoc|Any CPU.ActiveCfg = Debug|x86
		{E826C775-C1D5-4F7C-BB53-30EA9781BA06}.Ad-Hoc|Any CPU.Build.0 = Debug|x86
		{E826C775-C1D5-4F7C-BB53-30EA9781BA06}.Ad-Hoc|Any CPU.Deploy.0 = Debug|x86
		{E826C775-C1D5-4F7C-BB53-30EA9781BA06}.Ad-Hoc|ARM.ActiveCfg = Debug|ARM
		{E826C775-C1D5-4F7C-BB53-30EA9781BA06}.Ad-Hoc|ARM.Build.0 = Debug|ARM
		{E826C775-C1D5-4F7C-BB53-30EA9781BA06}.Ad-Hoc|ARM.Deploy.0 = Debug|ARM
		{E826C775-C1D5-4F7C-BB53-30EA9781BA06}.Ad-Hoc|ARM64.ActiveCfg = Debug|ARM64
		{E826C775-C1D5-4F7C-BB53-30EA9781BA06}.Ad-Hoc|ARM64.Build.0 = Debug|ARM64
		{E826C775-C1D5-4F7C-BB53-30EA9781BA06}.Ad-Hoc|ARM64.Deploy.0 = Debug|ARM64
		{E826C775-C1D5-4F7C-BB53-30EA9781BA06}.Ad-Hoc|iPhone.ActiveCfg = Debug|x86
		{E826C775-C1D5-4F7C-BB53-30EA9781BA06}.Ad-Hoc|iPhone.Build.0 = Debug|x86
		{E826C775-C1D5-4F7C-BB53-30EA9781BA06}.Ad-Hoc|iPhone.Deploy.0 = Debug|x86
		{E826C775-C1D5-4F7C-BB53-30EA9781BA06}.Ad-Hoc|iPhoneSimulator.ActiveCfg = Debug|x86
		{E826C775-C1D5-4F7C-BB53-30EA9781BA06}.Ad-Hoc|iPhoneSimulator.Build.0 = Debug|x86
		{E826C775-C1D5-4F7C-BB53-30EA9781BA06}.Ad-Hoc|iPhoneSimulator.Deploy.0 = Debug|x86
		{E826C775-C1D5-4F7C-BB53-30EA9781BA06}.Ad-Hoc|x64.ActiveCfg = Debug|x64
		{E826C775-C1D5-4F7C-BB53-30EA9781BA06}.Ad-Hoc|x64.Build.0 = Debug|x64
		{E826C775-C1D5-4F7C-BB53-30EA9781BA06}.Ad-Hoc|x64.Deploy.0 = Debug|x64
		{E826C775-C1D5-4F7C-BB53-30EA9781BA06}.Ad-Hoc|x86.ActiveCfg = Debug|x86
		{E826C775-C1D5-4F7C-BB53-30EA9781BA06}.Ad-Hoc|x86.Build.0 = Debug|x86
		{E826C775-C1D5-4F7C-BB53-30EA9781BA06}.Ad-Hoc|x86.Deploy.0 = Debug|x86
		{E826C775-C1D5-4F7C-BB53-30EA9781BA06}.AppStore|Any CPU.ActiveCfg = Debug|x86
		{E826C775-C1D5-4F7C-BB53-30EA9781BA06}.AppStore|Any CPU.Build.0 = Debug|x86
		{E826C775-C1D5-4F7C-BB53-30EA9781BA06}.AppStore|Any CPU.Deploy.0 = Debug|x86
		{E826C775-C1D5-4F7C-BB53-30EA9781BA06}.AppStore|ARM.ActiveCfg = Debug|ARM
		{E826C775-C1D5-4F7C-BB53-30EA9781BA06}.AppStore|ARM.Build.0 = Debug|ARM
		{E826C775-C1D5-4F7C-BB53-30EA9781BA06}.AppStore|ARM.Deploy.0 = Debug|ARM
		{E826C775-C1D5-4F7C-BB53-30EA9781BA06}.AppStore|ARM64.ActiveCfg = Debug|ARM64
		{E826C775-C1D5-4F7C-BB53-30EA9781BA06}.AppStore|ARM64.Build.0 = Debug|ARM64
		{E826C775-C1D5-4F7C-BB53-30EA9781BA06}.AppStore|ARM64.Deploy.0 = Debug|ARM64
		{E826C775-C1D5-4F7C-BB53-30EA9781BA06}.AppStore|iPhone.ActiveCfg = Debug|x86
		{E826C775-C1D5-4F7C-BB53-30EA9781BA06}.AppStore|iPhone.Build.0 = Debug|x86
		{E826C775-C1D5-4F7C-BB53-30EA9781BA06}.AppStore|iPhone.Deploy.0 = Debug|x86
		{E826C775-C1D5-4F7C-BB53-30EA9781BA06}.AppStore|iPhoneSimulator.ActiveCfg = Debug|x86
		{E826C775-C1D5-4F7C-BB53-30EA9781BA06}.AppStore|iPhoneSimulator.Build.0 = Debug|x86
		{E826C775-C1D5-4F7C-BB53-30EA9781BA06}.AppStore|iPhoneSimulator.Deploy.0 = Debug|x86
		{E826C775-C1D5-4F7C-BB53-30EA9781BA06}.AppStore|x64.ActiveCfg = Debug|x64
		{E826C775-C1D5-4F7C-BB53-30EA9781BA06}.AppStore|x64.Build.0 = Debug|x64
		{E826C775-C1D5-4F7C-BB53-30EA9781BA06}.AppStore|x64.Deploy.0 = Debug|x64
		{E826C775-C1D5-4F7C-BB53-30EA9781BA06}.AppStore|x86.ActiveCfg = Debug|x86
		{E826C775-C1D5-4F7C-BB53-30EA9781BA06}.AppStore|x86.Build.0 = Debug|x86
		{E826C775-C1D5-4F7C-BB53-30EA9781BA06}.AppStore|x86.Deploy.0 = Debug|x86
		{E826C775-C1D5-4F7C-BB53-30EA9781BA06}.Debug|Any CPU.ActiveCfg = Debug|x86
		{E826C775-C1D5-4F7C-BB53-30EA9781BA06}.Debug|Any CPU.Build.0 = Debug|x86
		{E826C775-C1D5-4F7C-BB53-30EA9781BA06}.Debug|Any CPU.Deploy.0 = Debug|x86
		{E826C775-C1D5-4F7C-BB53-30EA9781BA06}.Debug|ARM.ActiveCfg = Debug|ARM
		{E826C775-C1D5-4F7C-BB53-30EA9781BA06}.Debug|ARM.Build.0 = Debug|ARM
		{E826C775-C1D5-4F7C-BB53-30EA9781BA06}.Debug|ARM.Deploy.0 = Debug|ARM
		{E826C775-C1D5-4F7C-BB53-30EA9781BA06}.Debug|ARM64.ActiveCfg = Debug|ARM64
		{E826C775-C1D5-4F7C-BB53-30EA9781BA06}.Debug|ARM64.Build.0 = Debug|ARM64
		{E826C775-C1D5-4F7C-BB53-30EA9781BA06}.Debug|ARM64.Deploy.0 = Debug|ARM64
		{E826C775-C1D5-4F7C-BB53-30EA9781BA06}.Debug|iPhone.ActiveCfg = Debug|x86
		{E826C775-C1D5-4F7C-BB53-30EA9781BA06}.Debug|iPhoneSimulator.ActiveCfg = Debug|x86
		{E826C775-C1D5-4F7C-BB53-30EA9781BA06}.Debug|x64.ActiveCfg = Debug|x64
		{E826C775-C1D5-4F7C-BB53-30EA9781BA06}.Debug|x64.Build.0 = Debug|x64
		{E826C775-C1D5-4F7C-BB53-30EA9781BA06}.Debug|x64.Deploy.0 = Debug|x64
		{E826C775-C1D5-4F7C-BB53-30EA9781BA06}.Debug|x86.ActiveCfg = Debug|x86
		{E826C775-C1D5-4F7C-BB53-30EA9781BA06}.Debug|x86.Build.0 = Debug|x86
		{E826C775-C1D5-4F7C-BB53-30EA9781BA06}.Debug|x86.Deploy.0 = Debug|x86
		{E826C775-C1D5-4F7C-BB53-30EA9781BA06}.Release|Any CPU.ActiveCfg = Release|x86
		{E826C775-C1D5-4F7C-BB53-30EA9781BA06}.Release|ARM.ActiveCfg = Release|ARM
		{E826C775-C1D5-4F7C-BB53-30EA9781BA06}.Release|ARM.Build.0 = Release|ARM
		{E826C775-C1D5-4F7C-BB53-30EA9781BA06}.Release|ARM.Deploy.0 = Release|ARM
		{E826C775-C1D5-4F7C-BB53-30EA9781BA06}.Release|ARM64.ActiveCfg = Release|ARM64
		{E826C775-C1D5-4F7C-BB53-30EA9781BA06}.Release|ARM64.Build.0 = Release|ARM64
		{E826C775-C1D5-4F7C-BB53-30EA9781BA06}.Release|ARM64.Deploy.0 = Release|ARM64
		{E826C775-C1D5-4F7C-BB53-30EA9781BA06}.Release|iPhone.ActiveCfg = Release|x86
		{E826C775-C1D5-4F7C-BB53-30EA9781BA06}.Release|iPhoneSimulator.ActiveCfg = Release|x86
		{E826C775-C1D5-4F7C-BB53-30EA9781BA06}.Release|x64.ActiveCfg = Release|x64
		{E826C775-C1D5-4F7C-BB53-30EA9781BA06}.Release|x64.Build.0 = Release|x64
		{E826C775-C1D5-4F7C-BB53-30EA9781BA06}.Release|x64.Deploy.0 = Release|x64
		{E826C775-C1D5-4F7C-BB53-30EA9781BA06}.Release|x86.ActiveCfg = Release|x86
		{E826C775-C1D5-4F7C-BB53-30EA9781BA06}.Release|x86.Build.0 = Release|x86
		{E826C775-C1D5-4F7C-BB53-30EA9781BA06}.Release|x86.Deploy.0 = Release|x86
		{B10C2D26-4F0F-4986-8CA7-086CB923EABD}.Ad-Hoc|Any CPU.ActiveCfg = Debug|Any CPU
		{B10C2D26-4F0F-4986-8CA7-086CB923EABD}.Ad-Hoc|Any CPU.Build.0 = Debug|Any CPU
		{B10C2D26-4F0F-4986-8CA7-086CB923EABD}.Ad-Hoc|ARM.ActiveCfg = Debug|Any CPU
		{B10C2D26-4F0F-4986-8CA7-086CB923EABD}.Ad-Hoc|ARM.Build.0 = Debug|Any CPU
		{B10C2D26-4F0F-4986-8CA7-086CB923EABD}.Ad-Hoc|ARM64.ActiveCfg = Debug|Any CPU
		{B10C2D26-4F0F-4986-8CA7-086CB923EABD}.Ad-Hoc|ARM64.Build.0 = Debug|Any CPU
		{B10C2D26-4F0F-4986-8CA7-086CB923EABD}.Ad-Hoc|iPhone.ActiveCfg = Debug|Any CPU
		{B10C2D26-4F0F-4986-8CA7-086CB923EABD}.Ad-Hoc|iPhone.Build.0 = Debug|Any CPU
		{B10C2D26-4F0F-4986-8CA7-086CB923EABD}.Ad-Hoc|iPhoneSimulator.ActiveCfg = Debug|Any CPU
		{B10C2D26-4F0F-4986-8CA7-086CB923EABD}.Ad-Hoc|iPhoneSimulator.Build.0 = Debug|Any CPU
		{B10C2D26-4F0F-4986-8CA7-086CB923EABD}.Ad-Hoc|x64.ActiveCfg = Debug|Any CPU
		{B10C2D26-4F0F-4986-8CA7-086CB923EABD}.Ad-Hoc|x64.Build.0 = Debug|Any CPU
		{B10C2D26-4F0F-4986-8CA7-086CB923EABD}.Ad-Hoc|x86.ActiveCfg = Debug|Any CPU
		{B10C2D26-4F0F-4986-8CA7-086CB923EABD}.Ad-Hoc|x86.Build.0 = Debug|Any CPU
		{B10C2D26-4F0F-4986-8CA7-086CB923EABD}.AppStore|Any CPU.ActiveCfg = Debug|Any CPU
		{B10C2D26-4F0F-4986-8CA7-086CB923EABD}.AppStore|Any CPU.Build.0 = Debug|Any CPU
		{B10C2D26-4F0F-4986-8CA7-086CB923EABD}.AppStore|ARM.ActiveCfg = Debug|Any CPU
		{B10C2D26-4F0F-4986-8CA7-086CB923EABD}.AppStore|ARM.Build.0 = Debug|Any CPU
		{B10C2D26-4F0F-4986-8CA7-086CB923EABD}.AppStore|ARM64.ActiveCfg = Debug|Any CPU
		{B10C2D26-4F0F-4986-8CA7-086CB923EABD}.AppStore|ARM64.Build.0 = Debug|Any CPU
		{B10C2D26-4F0F-4986-8CA7-086CB923EABD}.AppStore|iPhone.ActiveCfg = Debug|Any CPU
		{B10C2D26-4F0F-4986-8CA7-086CB923EABD}.AppStore|iPhone.Build.0 = Debug|Any CPU
		{B10C2D26-4F0F-4986-8CA7-086CB923EABD}.AppStore|iPhoneSimulator.ActiveCfg = Debug|Any CPU
		{B10C2D26-4F0F-4986-8CA7-086CB923EABD}.AppStore|iPhoneSimulator.Build.0 = Debug|Any CPU
		{B10C2D26-4F0F-4986-8CA7-086CB923EABD}.AppStore|x64.ActiveCfg = Debug|Any CPU
		{B10C2D26-4F0F-4986-8CA7-086CB923EABD}.AppStore|x64.Build.0 = Debug|Any CPU
		{B10C2D26-4F0F-4986-8CA7-086CB923EABD}.AppStore|x86.ActiveCfg = Debug|Any CPU
		{B10C2D26-4F0F-4986-8CA7-086CB923EABD}.AppStore|x86.Build.0 = Debug|Any CPU
		{B10C2D26-4F0F-4986-8CA7-086CB923EABD}.Debug|Any CPU.ActiveCfg = Debug|Any CPU
		{B10C2D26-4F0F-4986-8CA7-086CB923EABD}.Debug|Any CPU.Build.0 = Debug|Any CPU
		{B10C2D26-4F0F-4986-8CA7-086CB923EABD}.Debug|ARM.ActiveCfg = Debug|Any CPU
		{B10C2D26-4F0F-4986-8CA7-086CB923EABD}.Debug|ARM.Build.0 = Debug|Any CPU
		{B10C2D26-4F0F-4986-8CA7-086CB923EABD}.Debug|ARM64.ActiveCfg = Debug|Any CPU
		{B10C2D26-4F0F-4986-8CA7-086CB923EABD}.Debug|ARM64.Build.0 = Debug|Any CPU
		{B10C2D26-4F0F-4986-8CA7-086CB923EABD}.Debug|iPhone.ActiveCfg = Debug|Any CPU
		{B10C2D26-4F0F-4986-8CA7-086CB923EABD}.Debug|iPhone.Build.0 = Debug|Any CPU
		{B10C2D26-4F0F-4986-8CA7-086CB923EABD}.Debug|iPhoneSimulator.ActiveCfg = Debug|Any CPU
		{B10C2D26-4F0F-4986-8CA7-086CB923EABD}.Debug|iPhoneSimulator.Build.0 = Debug|Any CPU
		{B10C2D26-4F0F-4986-8CA7-086CB923EABD}.Debug|x64.ActiveCfg = Debug|Any CPU
		{B10C2D26-4F0F-4986-8CA7-086CB923EABD}.Debug|x64.Build.0 = Debug|Any CPU
		{B10C2D26-4F0F-4986-8CA7-086CB923EABD}.Debug|x86.ActiveCfg = Debug|Any CPU
		{B10C2D26-4F0F-4986-8CA7-086CB923EABD}.Debug|x86.Build.0 = Debug|Any CPU
		{B10C2D26-4F0F-4986-8CA7-086CB923EABD}.Release|Any CPU.ActiveCfg = Release|Any CPU
		{B10C2D26-4F0F-4986-8CA7-086CB923EABD}.Release|Any CPU.Build.0 = Release|Any CPU
		{B10C2D26-4F0F-4986-8CA7-086CB923EABD}.Release|ARM.ActiveCfg = Release|Any CPU
		{B10C2D26-4F0F-4986-8CA7-086CB923EABD}.Release|ARM.Build.0 = Release|Any CPU
		{B10C2D26-4F0F-4986-8CA7-086CB923EABD}.Release|ARM64.ActiveCfg = Release|Any CPU
		{B10C2D26-4F0F-4986-8CA7-086CB923EABD}.Release|ARM64.Build.0 = Release|Any CPU
		{B10C2D26-4F0F-4986-8CA7-086CB923EABD}.Release|iPhone.ActiveCfg = Release|Any CPU
		{B10C2D26-4F0F-4986-8CA7-086CB923EABD}.Release|iPhone.Build.0 = Release|Any CPU
		{B10C2D26-4F0F-4986-8CA7-086CB923EABD}.Release|iPhoneSimulator.ActiveCfg = Release|Any CPU
		{B10C2D26-4F0F-4986-8CA7-086CB923EABD}.Release|iPhoneSimulator.Build.0 = Release|Any CPU
		{B10C2D26-4F0F-4986-8CA7-086CB923EABD}.Release|x64.ActiveCfg = Release|Any CPU
		{B10C2D26-4F0F-4986-8CA7-086CB923EABD}.Release|x64.Build.0 = Release|Any CPU
		{B10C2D26-4F0F-4986-8CA7-086CB923EABD}.Release|x86.ActiveCfg = Release|Any CPU
		{B10C2D26-4F0F-4986-8CA7-086CB923EABD}.Release|x86.Build.0 = Release|Any CPU
		{068DCC33-0515-4BF5-B73F-580A6FAAC88F}.Ad-Hoc|Any CPU.ActiveCfg = Debug|iPhoneSimulator
		{068DCC33-0515-4BF5-B73F-580A6FAAC88F}.Ad-Hoc|Any CPU.Build.0 = Debug|iPhoneSimulator
		{068DCC33-0515-4BF5-B73F-580A6FAAC88F}.Ad-Hoc|ARM.ActiveCfg = Debug|iPhoneSimulator
		{068DCC33-0515-4BF5-B73F-580A6FAAC88F}.Ad-Hoc|ARM.Build.0 = Debug|iPhoneSimulator
		{068DCC33-0515-4BF5-B73F-580A6FAAC88F}.Ad-Hoc|ARM64.ActiveCfg = Debug|iPhoneSimulator
		{068DCC33-0515-4BF5-B73F-580A6FAAC88F}.Ad-Hoc|ARM64.Build.0 = Debug|iPhoneSimulator
		{068DCC33-0515-4BF5-B73F-580A6FAAC88F}.Ad-Hoc|iPhone.ActiveCfg = Debug|iPhoneSimulator
		{068DCC33-0515-4BF5-B73F-580A6FAAC88F}.Ad-Hoc|iPhone.Build.0 = Debug|iPhoneSimulator
		{068DCC33-0515-4BF5-B73F-580A6FAAC88F}.Ad-Hoc|iPhoneSimulator.ActiveCfg = Debug|iPhoneSimulator
		{068DCC33-0515-4BF5-B73F-580A6FAAC88F}.Ad-Hoc|iPhoneSimulator.Build.0 = Debug|iPhoneSimulator
		{068DCC33-0515-4BF5-B73F-580A6FAAC88F}.Ad-Hoc|x64.ActiveCfg = Debug|iPhoneSimulator
		{068DCC33-0515-4BF5-B73F-580A6FAAC88F}.Ad-Hoc|x64.Build.0 = Debug|iPhoneSimulator
		{068DCC33-0515-4BF5-B73F-580A6FAAC88F}.Ad-Hoc|x86.ActiveCfg = Debug|iPhoneSimulator
		{068DCC33-0515-4BF5-B73F-580A6FAAC88F}.Ad-Hoc|x86.Build.0 = Debug|iPhoneSimulator
		{068DCC33-0515-4BF5-B73F-580A6FAAC88F}.AppStore|Any CPU.ActiveCfg = Debug|iPhoneSimulator
		{068DCC33-0515-4BF5-B73F-580A6FAAC88F}.AppStore|Any CPU.Build.0 = Debug|iPhoneSimulator
		{068DCC33-0515-4BF5-B73F-580A6FAAC88F}.AppStore|ARM.ActiveCfg = Debug|iPhoneSimulator
		{068DCC33-0515-4BF5-B73F-580A6FAAC88F}.AppStore|ARM.Build.0 = Debug|iPhoneSimulator
		{068DCC33-0515-4BF5-B73F-580A6FAAC88F}.AppStore|ARM64.ActiveCfg = Debug|iPhoneSimulator
		{068DCC33-0515-4BF5-B73F-580A6FAAC88F}.AppStore|ARM64.Build.0 = Debug|iPhoneSimulator
		{068DCC33-0515-4BF5-B73F-580A6FAAC88F}.AppStore|iPhone.ActiveCfg = Debug|iPhoneSimulator
		{068DCC33-0515-4BF5-B73F-580A6FAAC88F}.AppStore|iPhone.Build.0 = Debug|iPhoneSimulator
		{068DCC33-0515-4BF5-B73F-580A6FAAC88F}.AppStore|iPhoneSimulator.ActiveCfg = Debug|iPhoneSimulator
		{068DCC33-0515-4BF5-B73F-580A6FAAC88F}.AppStore|iPhoneSimulator.Build.0 = Debug|iPhoneSimulator
		{068DCC33-0515-4BF5-B73F-580A6FAAC88F}.AppStore|x64.ActiveCfg = Debug|iPhoneSimulator
		{068DCC33-0515-4BF5-B73F-580A6FAAC88F}.AppStore|x64.Build.0 = Debug|iPhoneSimulator
		{068DCC33-0515-4BF5-B73F-580A6FAAC88F}.AppStore|x86.ActiveCfg = Debug|iPhoneSimulator
		{068DCC33-0515-4BF5-B73F-580A6FAAC88F}.AppStore|x86.Build.0 = Debug|iPhoneSimulator
		{068DCC33-0515-4BF5-B73F-580A6FAAC88F}.Debug|Any CPU.ActiveCfg = Debug|iPhoneSimulator
		{068DCC33-0515-4BF5-B73F-580A6FAAC88F}.Debug|ARM.ActiveCfg = Debug|iPhoneSimulator
		{068DCC33-0515-4BF5-B73F-580A6FAAC88F}.Debug|ARM64.ActiveCfg = Debug|iPhoneSimulator
		{068DCC33-0515-4BF5-B73F-580A6FAAC88F}.Debug|iPhone.ActiveCfg = Debug|iPhoneSimulator
		{068DCC33-0515-4BF5-B73F-580A6FAAC88F}.Debug|iPhoneSimulator.ActiveCfg = Debug|iPhoneSimulator
		{068DCC33-0515-4BF5-B73F-580A6FAAC88F}.Debug|iPhoneSimulator.Build.0 = Debug|iPhoneSimulator
		{068DCC33-0515-4BF5-B73F-580A6FAAC88F}.Debug|x64.ActiveCfg = Debug|iPhoneSimulator
		{068DCC33-0515-4BF5-B73F-580A6FAAC88F}.Debug|x86.ActiveCfg = Debug|iPhoneSimulator
		{068DCC33-0515-4BF5-B73F-580A6FAAC88F}.Release|Any CPU.ActiveCfg = Release|iPhoneSimulator
		{068DCC33-0515-4BF5-B73F-580A6FAAC88F}.Release|ARM.ActiveCfg = Release|iPhoneSimulator
		{068DCC33-0515-4BF5-B73F-580A6FAAC88F}.Release|ARM64.ActiveCfg = Release|iPhoneSimulator
		{068DCC33-0515-4BF5-B73F-580A6FAAC88F}.Release|iPhone.ActiveCfg = Release|iPhoneSimulator
		{068DCC33-0515-4BF5-B73F-580A6FAAC88F}.Release|iPhoneSimulator.ActiveCfg = Release|iPhoneSimulator
		{068DCC33-0515-4BF5-B73F-580A6FAAC88F}.Release|iPhoneSimulator.Build.0 = Release|iPhoneSimulator
		{068DCC33-0515-4BF5-B73F-580A6FAAC88F}.Release|x64.ActiveCfg = Release|iPhoneSimulator
		{068DCC33-0515-4BF5-B73F-580A6FAAC88F}.Release|x86.ActiveCfg = Release|iPhoneSimulator
		{F30ACF94-C5AE-4BAF-89F8-9094E18E22B0}.Ad-Hoc|Any CPU.ActiveCfg = Debug|Any CPU
		{F30ACF94-C5AE-4BAF-89F8-9094E18E22B0}.Ad-Hoc|Any CPU.Build.0 = Debug|Any CPU
		{F30ACF94-C5AE-4BAF-89F8-9094E18E22B0}.Ad-Hoc|ARM.ActiveCfg = Debug|Any CPU
		{F30ACF94-C5AE-4BAF-89F8-9094E18E22B0}.Ad-Hoc|ARM.Build.0 = Debug|Any CPU
		{F30ACF94-C5AE-4BAF-89F8-9094E18E22B0}.Ad-Hoc|ARM64.ActiveCfg = Debug|Any CPU
		{F30ACF94-C5AE-4BAF-89F8-9094E18E22B0}.Ad-Hoc|ARM64.Build.0 = Debug|Any CPU
		{F30ACF94-C5AE-4BAF-89F8-9094E18E22B0}.Ad-Hoc|iPhone.ActiveCfg = Debug|Any CPU
		{F30ACF94-C5AE-4BAF-89F8-9094E18E22B0}.Ad-Hoc|iPhone.Build.0 = Debug|Any CPU
		{F30ACF94-C5AE-4BAF-89F8-9094E18E22B0}.Ad-Hoc|iPhoneSimulator.ActiveCfg = Debug|Any CPU
		{F30ACF94-C5AE-4BAF-89F8-9094E18E22B0}.Ad-Hoc|iPhoneSimulator.Build.0 = Debug|Any CPU
		{F30ACF94-C5AE-4BAF-89F8-9094E18E22B0}.Ad-Hoc|x64.ActiveCfg = Debug|Any CPU
		{F30ACF94-C5AE-4BAF-89F8-9094E18E22B0}.Ad-Hoc|x64.Build.0 = Debug|Any CPU
		{F30ACF94-C5AE-4BAF-89F8-9094E18E22B0}.Ad-Hoc|x86.ActiveCfg = Debug|Any CPU
		{F30ACF94-C5AE-4BAF-89F8-9094E18E22B0}.Ad-Hoc|x86.Build.0 = Debug|Any CPU
		{F30ACF94-C5AE-4BAF-89F8-9094E18E22B0}.AppStore|Any CPU.ActiveCfg = Debug|Any CPU
		{F30ACF94-C5AE-4BAF-89F8-9094E18E22B0}.AppStore|Any CPU.Build.0 = Debug|Any CPU
		{F30ACF94-C5AE-4BAF-89F8-9094E18E22B0}.AppStore|ARM.ActiveCfg = Debug|Any CPU
		{F30ACF94-C5AE-4BAF-89F8-9094E18E22B0}.AppStore|ARM.Build.0 = Debug|Any CPU
		{F30ACF94-C5AE-4BAF-89F8-9094E18E22B0}.AppStore|ARM64.ActiveCfg = Debug|Any CPU
		{F30ACF94-C5AE-4BAF-89F8-9094E18E22B0}.AppStore|ARM64.Build.0 = Debug|Any CPU
		{F30ACF94-C5AE-4BAF-89F8-9094E18E22B0}.AppStore|iPhone.ActiveCfg = Debug|Any CPU
		{F30ACF94-C5AE-4BAF-89F8-9094E18E22B0}.AppStore|iPhone.Build.0 = Debug|Any CPU
		{F30ACF94-C5AE-4BAF-89F8-9094E18E22B0}.AppStore|iPhoneSimulator.ActiveCfg = Debug|Any CPU
		{F30ACF94-C5AE-4BAF-89F8-9094E18E22B0}.AppStore|iPhoneSimulator.Build.0 = Debug|Any CPU
		{F30ACF94-C5AE-4BAF-89F8-9094E18E22B0}.AppStore|x64.ActiveCfg = Debug|Any CPU
		{F30ACF94-C5AE-4BAF-89F8-9094E18E22B0}.AppStore|x64.Build.0 = Debug|Any CPU
		{F30ACF94-C5AE-4BAF-89F8-9094E18E22B0}.AppStore|x86.ActiveCfg = Debug|Any CPU
		{F30ACF94-C5AE-4BAF-89F8-9094E18E22B0}.AppStore|x86.Build.0 = Debug|Any CPU
		{F30ACF94-C5AE-4BAF-89F8-9094E18E22B0}.Debug|Any CPU.ActiveCfg = Debug|Any CPU
		{F30ACF94-C5AE-4BAF-89F8-9094E18E22B0}.Debug|Any CPU.Build.0 = Debug|Any CPU
		{F30ACF94-C5AE-4BAF-89F8-9094E18E22B0}.Debug|ARM.ActiveCfg = Debug|Any CPU
		{F30ACF94-C5AE-4BAF-89F8-9094E18E22B0}.Debug|ARM.Build.0 = Debug|Any CPU
		{F30ACF94-C5AE-4BAF-89F8-9094E18E22B0}.Debug|ARM64.ActiveCfg = Debug|Any CPU
		{F30ACF94-C5AE-4BAF-89F8-9094E18E22B0}.Debug|ARM64.Build.0 = Debug|Any CPU
		{F30ACF94-C5AE-4BAF-89F8-9094E18E22B0}.Debug|iPhone.ActiveCfg = Debug|Any CPU
		{F30ACF94-C5AE-4BAF-89F8-9094E18E22B0}.Debug|iPhone.Build.0 = Debug|Any CPU
		{F30ACF94-C5AE-4BAF-89F8-9094E18E22B0}.Debug|iPhoneSimulator.ActiveCfg = Debug|Any CPU
		{F30ACF94-C5AE-4BAF-89F8-9094E18E22B0}.Debug|iPhoneSimulator.Build.0 = Debug|Any CPU
		{F30ACF94-C5AE-4BAF-89F8-9094E18E22B0}.Debug|x64.ActiveCfg = Debug|Any CPU
		{F30ACF94-C5AE-4BAF-89F8-9094E18E22B0}.Debug|x64.Build.0 = Debug|Any CPU
		{F30ACF94-C5AE-4BAF-89F8-9094E18E22B0}.Debug|x86.ActiveCfg = Debug|Any CPU
		{F30ACF94-C5AE-4BAF-89F8-9094E18E22B0}.Debug|x86.Build.0 = Debug|Any CPU
		{F30ACF94-C5AE-4BAF-89F8-9094E18E22B0}.Release|Any CPU.ActiveCfg = Release|Any CPU
		{F30ACF94-C5AE-4BAF-89F8-9094E18E22B0}.Release|Any CPU.Build.0 = Release|Any CPU
		{F30ACF94-C5AE-4BAF-89F8-9094E18E22B0}.Release|ARM.ActiveCfg = Release|Any CPU
		{F30ACF94-C5AE-4BAF-89F8-9094E18E22B0}.Release|ARM.Build.0 = Release|Any CPU
		{F30ACF94-C5AE-4BAF-89F8-9094E18E22B0}.Release|ARM64.ActiveCfg = Release|Any CPU
		{F30ACF94-C5AE-4BAF-89F8-9094E18E22B0}.Release|ARM64.Build.0 = Release|Any CPU
		{F30ACF94-C5AE-4BAF-89F8-9094E18E22B0}.Release|iPhone.ActiveCfg = Release|Any CPU
		{F30ACF94-C5AE-4BAF-89F8-9094E18E22B0}.Release|iPhone.Build.0 = Release|Any CPU
		{F30ACF94-C5AE-4BAF-89F8-9094E18E22B0}.Release|iPhoneSimulator.ActiveCfg = Release|Any CPU
		{F30ACF94-C5AE-4BAF-89F8-9094E18E22B0}.Release|iPhoneSimulator.Build.0 = Release|Any CPU
		{F30ACF94-C5AE-4BAF-89F8-9094E18E22B0}.Release|x64.ActiveCfg = Release|Any CPU
		{F30ACF94-C5AE-4BAF-89F8-9094E18E22B0}.Release|x64.Build.0 = Release|Any CPU
		{F30ACF94-C5AE-4BAF-89F8-9094E18E22B0}.Release|x86.ActiveCfg = Release|Any CPU
		{F30ACF94-C5AE-4BAF-89F8-9094E18E22B0}.Release|x86.Build.0 = Release|Any CPU
		{E8726FE8-7692-459B-B346-CB84CE12A4EE}.Ad-Hoc|Any CPU.ActiveCfg = Debug|Any CPU
		{E8726FE8-7692-459B-B346-CB84CE12A4EE}.Ad-Hoc|Any CPU.Build.0 = Debug|Any CPU
		{E8726FE8-7692-459B-B346-CB84CE12A4EE}.Ad-Hoc|ARM.ActiveCfg = Debug|Any CPU
		{E8726FE8-7692-459B-B346-CB84CE12A4EE}.Ad-Hoc|ARM.Build.0 = Debug|Any CPU
		{E8726FE8-7692-459B-B346-CB84CE12A4EE}.Ad-Hoc|ARM64.ActiveCfg = Debug|Any CPU
		{E8726FE8-7692-459B-B346-CB84CE12A4EE}.Ad-Hoc|ARM64.Build.0 = Debug|Any CPU
		{E8726FE8-7692-459B-B346-CB84CE12A4EE}.Ad-Hoc|iPhone.ActiveCfg = Debug|Any CPU
		{E8726FE8-7692-459B-B346-CB84CE12A4EE}.Ad-Hoc|iPhone.Build.0 = Debug|Any CPU
		{E8726FE8-7692-459B-B346-CB84CE12A4EE}.Ad-Hoc|iPhoneSimulator.ActiveCfg = Debug|Any CPU
		{E8726FE8-7692-459B-B346-CB84CE12A4EE}.Ad-Hoc|iPhoneSimulator.Build.0 = Debug|Any CPU
		{E8726FE8-7692-459B-B346-CB84CE12A4EE}.Ad-Hoc|x64.ActiveCfg = Debug|Any CPU
		{E8726FE8-7692-459B-B346-CB84CE12A4EE}.Ad-Hoc|x64.Build.0 = Debug|Any CPU
		{E8726FE8-7692-459B-B346-CB84CE12A4EE}.Ad-Hoc|x86.ActiveCfg = Debug|Any CPU
		{E8726FE8-7692-459B-B346-CB84CE12A4EE}.Ad-Hoc|x86.Build.0 = Debug|Any CPU
		{E8726FE8-7692-459B-B346-CB84CE12A4EE}.AppStore|Any CPU.ActiveCfg = Debug|Any CPU
		{E8726FE8-7692-459B-B346-CB84CE12A4EE}.AppStore|Any CPU.Build.0 = Debug|Any CPU
		{E8726FE8-7692-459B-B346-CB84CE12A4EE}.AppStore|ARM.ActiveCfg = Debug|Any CPU
		{E8726FE8-7692-459B-B346-CB84CE12A4EE}.AppStore|ARM.Build.0 = Debug|Any CPU
		{E8726FE8-7692-459B-B346-CB84CE12A4EE}.AppStore|ARM64.ActiveCfg = Debug|Any CPU
		{E8726FE8-7692-459B-B346-CB84CE12A4EE}.AppStore|ARM64.Build.0 = Debug|Any CPU
		{E8726FE8-7692-459B-B346-CB84CE12A4EE}.AppStore|iPhone.ActiveCfg = Debug|Any CPU
		{E8726FE8-7692-459B-B346-CB84CE12A4EE}.AppStore|iPhone.Build.0 = Debug|Any CPU
		{E8726FE8-7692-459B-B346-CB84CE12A4EE}.AppStore|iPhoneSimulator.ActiveCfg = Debug|Any CPU
		{E8726FE8-7692-459B-B346-CB84CE12A4EE}.AppStore|iPhoneSimulator.Build.0 = Debug|Any CPU
		{E8726FE8-7692-459B-B346-CB84CE12A4EE}.AppStore|x64.ActiveCfg = Debug|Any CPU
		{E8726FE8-7692-459B-B346-CB84CE12A4EE}.AppStore|x64.Build.0 = Debug|Any CPU
		{E8726FE8-7692-459B-B346-CB84CE12A4EE}.AppStore|x86.ActiveCfg = Debug|Any CPU
		{E8726FE8-7692-459B-B346-CB84CE12A4EE}.AppStore|x86.Build.0 = Debug|Any CPU
		{E8726FE8-7692-459B-B346-CB84CE12A4EE}.Debug|Any CPU.ActiveCfg = Debug|Any CPU
		{E8726FE8-7692-459B-B346-CB84CE12A4EE}.Debug|Any CPU.Build.0 = Debug|Any CPU
		{E8726FE8-7692-459B-B346-CB84CE12A4EE}.Debug|ARM.ActiveCfg = Debug|Any CPU
		{E8726FE8-7692-459B-B346-CB84CE12A4EE}.Debug|ARM.Build.0 = Debug|Any CPU
		{E8726FE8-7692-459B-B346-CB84CE12A4EE}.Debug|ARM64.ActiveCfg = Debug|Any CPU
		{E8726FE8-7692-459B-B346-CB84CE12A4EE}.Debug|ARM64.Build.0 = Debug|Any CPU
		{E8726FE8-7692-459B-B346-CB84CE12A4EE}.Debug|iPhone.ActiveCfg = Debug|Any CPU
		{E8726FE8-7692-459B-B346-CB84CE12A4EE}.Debug|iPhone.Build.0 = Debug|Any CPU
		{E8726FE8-7692-459B-B346-CB84CE12A4EE}.Debug|iPhoneSimulator.ActiveCfg = Debug|Any CPU
		{E8726FE8-7692-459B-B346-CB84CE12A4EE}.Debug|iPhoneSimulator.Build.0 = Debug|Any CPU
		{E8726FE8-7692-459B-B346-CB84CE12A4EE}.Debug|x64.ActiveCfg = Debug|Any CPU
		{E8726FE8-7692-459B-B346-CB84CE12A4EE}.Debug|x64.Build.0 = Debug|Any CPU
		{E8726FE8-7692-459B-B346-CB84CE12A4EE}.Debug|x86.ActiveCfg = Debug|Any CPU
		{E8726FE8-7692-459B-B346-CB84CE12A4EE}.Debug|x86.Build.0 = Debug|Any CPU
		{E8726FE8-7692-459B-B346-CB84CE12A4EE}.Release|Any CPU.ActiveCfg = Release|Any CPU
		{E8726FE8-7692-459B-B346-CB84CE12A4EE}.Release|Any CPU.Build.0 = Release|Any CPU
		{E8726FE8-7692-459B-B346-CB84CE12A4EE}.Release|ARM.ActiveCfg = Release|Any CPU
		{E8726FE8-7692-459B-B346-CB84CE12A4EE}.Release|ARM.Build.0 = Release|Any CPU
		{E8726FE8-7692-459B-B346-CB84CE12A4EE}.Release|ARM64.ActiveCfg = Release|Any CPU
		{E8726FE8-7692-459B-B346-CB84CE12A4EE}.Release|ARM64.Build.0 = Release|Any CPU
		{E8726FE8-7692-459B-B346-CB84CE12A4EE}.Release|iPhone.ActiveCfg = Release|Any CPU
		{E8726FE8-7692-459B-B346-CB84CE12A4EE}.Release|iPhone.Build.0 = Release|Any CPU
		{E8726FE8-7692-459B-B346-CB84CE12A4EE}.Release|iPhoneSimulator.ActiveCfg = Release|Any CPU
		{E8726FE8-7692-459B-B346-CB84CE12A4EE}.Release|iPhoneSimulator.Build.0 = Release|Any CPU
		{E8726FE8-7692-459B-B346-CB84CE12A4EE}.Release|x64.ActiveCfg = Release|Any CPU
		{E8726FE8-7692-459B-B346-CB84CE12A4EE}.Release|x64.Build.0 = Release|Any CPU
		{E8726FE8-7692-459B-B346-CB84CE12A4EE}.Release|x86.ActiveCfg = Release|Any CPU
		{E8726FE8-7692-459B-B346-CB84CE12A4EE}.Release|x86.Build.0 = Release|Any CPU
		{41FF475A-8DFA-41B6-A95C-0F26F9F8EA3B}.Ad-Hoc|Any CPU.ActiveCfg = Debug|Any CPU
		{41FF475A-8DFA-41B6-A95C-0F26F9F8EA3B}.Ad-Hoc|Any CPU.Build.0 = Debug|Any CPU
		{41FF475A-8DFA-41B6-A95C-0F26F9F8EA3B}.Ad-Hoc|ARM.ActiveCfg = Debug|Any CPU
		{41FF475A-8DFA-41B6-A95C-0F26F9F8EA3B}.Ad-Hoc|ARM.Build.0 = Debug|Any CPU
		{41FF475A-8DFA-41B6-A95C-0F26F9F8EA3B}.Ad-Hoc|ARM64.ActiveCfg = Debug|Any CPU
		{41FF475A-8DFA-41B6-A95C-0F26F9F8EA3B}.Ad-Hoc|ARM64.Build.0 = Debug|Any CPU
		{41FF475A-8DFA-41B6-A95C-0F26F9F8EA3B}.Ad-Hoc|iPhone.ActiveCfg = Debug|Any CPU
		{41FF475A-8DFA-41B6-A95C-0F26F9F8EA3B}.Ad-Hoc|iPhone.Build.0 = Debug|Any CPU
		{41FF475A-8DFA-41B6-A95C-0F26F9F8EA3B}.Ad-Hoc|iPhoneSimulator.ActiveCfg = Debug|Any CPU
		{41FF475A-8DFA-41B6-A95C-0F26F9F8EA3B}.Ad-Hoc|iPhoneSimulator.Build.0 = Debug|Any CPU
		{41FF475A-8DFA-41B6-A95C-0F26F9F8EA3B}.Ad-Hoc|x64.ActiveCfg = Debug|Any CPU
		{41FF475A-8DFA-41B6-A95C-0F26F9F8EA3B}.Ad-Hoc|x64.Build.0 = Debug|Any CPU
		{41FF475A-8DFA-41B6-A95C-0F26F9F8EA3B}.Ad-Hoc|x86.ActiveCfg = Debug|Any CPU
		{41FF475A-8DFA-41B6-A95C-0F26F9F8EA3B}.Ad-Hoc|x86.Build.0 = Debug|Any CPU
		{41FF475A-8DFA-41B6-A95C-0F26F9F8EA3B}.AppStore|Any CPU.ActiveCfg = Debug|Any CPU
		{41FF475A-8DFA-41B6-A95C-0F26F9F8EA3B}.AppStore|Any CPU.Build.0 = Debug|Any CPU
		{41FF475A-8DFA-41B6-A95C-0F26F9F8EA3B}.AppStore|ARM.ActiveCfg = Debug|Any CPU
		{41FF475A-8DFA-41B6-A95C-0F26F9F8EA3B}.AppStore|ARM.Build.0 = Debug|Any CPU
		{41FF475A-8DFA-41B6-A95C-0F26F9F8EA3B}.AppStore|ARM64.ActiveCfg = Debug|Any CPU
		{41FF475A-8DFA-41B6-A95C-0F26F9F8EA3B}.AppStore|ARM64.Build.0 = Debug|Any CPU
		{41FF475A-8DFA-41B6-A95C-0F26F9F8EA3B}.AppStore|iPhone.ActiveCfg = Debug|Any CPU
		{41FF475A-8DFA-41B6-A95C-0F26F9F8EA3B}.AppStore|iPhone.Build.0 = Debug|Any CPU
		{41FF475A-8DFA-41B6-A95C-0F26F9F8EA3B}.AppStore|iPhoneSimulator.ActiveCfg = Debug|Any CPU
		{41FF475A-8DFA-41B6-A95C-0F26F9F8EA3B}.AppStore|iPhoneSimulator.Build.0 = Debug|Any CPU
		{41FF475A-8DFA-41B6-A95C-0F26F9F8EA3B}.AppStore|x64.ActiveCfg = Debug|Any CPU
		{41FF475A-8DFA-41B6-A95C-0F26F9F8EA3B}.AppStore|x64.Build.0 = Debug|Any CPU
		{41FF475A-8DFA-41B6-A95C-0F26F9F8EA3B}.AppStore|x86.ActiveCfg = Debug|Any CPU
		{41FF475A-8DFA-41B6-A95C-0F26F9F8EA3B}.AppStore|x86.Build.0 = Debug|Any CPU
		{41FF475A-8DFA-41B6-A95C-0F26F9F8EA3B}.Debug|Any CPU.ActiveCfg = Debug|Any CPU
		{41FF475A-8DFA-41B6-A95C-0F26F9F8EA3B}.Debug|Any CPU.Build.0 = Debug|Any CPU
		{41FF475A-8DFA-41B6-A95C-0F26F9F8EA3B}.Debug|ARM.ActiveCfg = Debug|Any CPU
		{41FF475A-8DFA-41B6-A95C-0F26F9F8EA3B}.Debug|ARM.Build.0 = Debug|Any CPU
		{41FF475A-8DFA-41B6-A95C-0F26F9F8EA3B}.Debug|ARM64.ActiveCfg = Debug|Any CPU
		{41FF475A-8DFA-41B6-A95C-0F26F9F8EA3B}.Debug|ARM64.Build.0 = Debug|Any CPU
		{41FF475A-8DFA-41B6-A95C-0F26F9F8EA3B}.Debug|iPhone.ActiveCfg = Debug|Any CPU
		{41FF475A-8DFA-41B6-A95C-0F26F9F8EA3B}.Debug|iPhone.Build.0 = Debug|Any CPU
		{41FF475A-8DFA-41B6-A95C-0F26F9F8EA3B}.Debug|iPhoneSimulator.ActiveCfg = Debug|Any CPU
		{41FF475A-8DFA-41B6-A95C-0F26F9F8EA3B}.Debug|iPhoneSimulator.Build.0 = Debug|Any CPU
		{41FF475A-8DFA-41B6-A95C-0F26F9F8EA3B}.Debug|x64.ActiveCfg = Debug|Any CPU
		{41FF475A-8DFA-41B6-A95C-0F26F9F8EA3B}.Debug|x64.Build.0 = Debug|Any CPU
		{41FF475A-8DFA-41B6-A95C-0F26F9F8EA3B}.Debug|x86.ActiveCfg = Debug|Any CPU
		{41FF475A-8DFA-41B6-A95C-0F26F9F8EA3B}.Debug|x86.Build.0 = Debug|Any CPU
		{41FF475A-8DFA-41B6-A95C-0F26F9F8EA3B}.Release|Any CPU.ActiveCfg = Release|Any CPU
		{41FF475A-8DFA-41B6-A95C-0F26F9F8EA3B}.Release|Any CPU.Build.0 = Release|Any CPU
		{41FF475A-8DFA-41B6-A95C-0F26F9F8EA3B}.Release|ARM.ActiveCfg = Release|Any CPU
		{41FF475A-8DFA-41B6-A95C-0F26F9F8EA3B}.Release|ARM.Build.0 = Release|Any CPU
		{41FF475A-8DFA-41B6-A95C-0F26F9F8EA3B}.Release|ARM64.ActiveCfg = Release|Any CPU
		{41FF475A-8DFA-41B6-A95C-0F26F9F8EA3B}.Release|ARM64.Build.0 = Release|Any CPU
		{41FF475A-8DFA-41B6-A95C-0F26F9F8EA3B}.Release|iPhone.ActiveCfg = Release|Any CPU
		{41FF475A-8DFA-41B6-A95C-0F26F9F8EA3B}.Release|iPhone.Build.0 = Release|Any CPU
		{41FF475A-8DFA-41B6-A95C-0F26F9F8EA3B}.Release|iPhoneSimulator.ActiveCfg = Release|Any CPU
		{41FF475A-8DFA-41B6-A95C-0F26F9F8EA3B}.Release|iPhoneSimulator.Build.0 = Release|Any CPU
		{41FF475A-8DFA-41B6-A95C-0F26F9F8EA3B}.Release|x64.ActiveCfg = Release|Any CPU
		{41FF475A-8DFA-41B6-A95C-0F26F9F8EA3B}.Release|x64.Build.0 = Release|Any CPU
		{41FF475A-8DFA-41B6-A95C-0F26F9F8EA3B}.Release|x86.ActiveCfg = Release|Any CPU
		{41FF475A-8DFA-41B6-A95C-0F26F9F8EA3B}.Release|x86.Build.0 = Release|Any CPU
		{0CDA192E-3109-4EAA-9785-E7C64E40C946}.Ad-Hoc|Any CPU.ActiveCfg = Debug|Any CPU
		{0CDA192E-3109-4EAA-9785-E7C64E40C946}.Ad-Hoc|Any CPU.Build.0 = Debug|Any CPU
		{0CDA192E-3109-4EAA-9785-E7C64E40C946}.Ad-Hoc|ARM.ActiveCfg = Debug|Any CPU
		{0CDA192E-3109-4EAA-9785-E7C64E40C946}.Ad-Hoc|ARM.Build.0 = Debug|Any CPU
		{0CDA192E-3109-4EAA-9785-E7C64E40C946}.Ad-Hoc|ARM64.ActiveCfg = Debug|Any CPU
		{0CDA192E-3109-4EAA-9785-E7C64E40C946}.Ad-Hoc|ARM64.Build.0 = Debug|Any CPU
		{0CDA192E-3109-4EAA-9785-E7C64E40C946}.Ad-Hoc|iPhone.ActiveCfg = Debug|Any CPU
		{0CDA192E-3109-4EAA-9785-E7C64E40C946}.Ad-Hoc|iPhone.Build.0 = Debug|Any CPU
		{0CDA192E-3109-4EAA-9785-E7C64E40C946}.Ad-Hoc|iPhoneSimulator.ActiveCfg = Debug|Any CPU
		{0CDA192E-3109-4EAA-9785-E7C64E40C946}.Ad-Hoc|iPhoneSimulator.Build.0 = Debug|Any CPU
		{0CDA192E-3109-4EAA-9785-E7C64E40C946}.Ad-Hoc|x64.ActiveCfg = Debug|Any CPU
		{0CDA192E-3109-4EAA-9785-E7C64E40C946}.Ad-Hoc|x64.Build.0 = Debug|Any CPU
		{0CDA192E-3109-4EAA-9785-E7C64E40C946}.Ad-Hoc|x86.ActiveCfg = Debug|Any CPU
		{0CDA192E-3109-4EAA-9785-E7C64E40C946}.Ad-Hoc|x86.Build.0 = Debug|Any CPU
		{0CDA192E-3109-4EAA-9785-E7C64E40C946}.AppStore|Any CPU.ActiveCfg = Debug|Any CPU
		{0CDA192E-3109-4EAA-9785-E7C64E40C946}.AppStore|Any CPU.Build.0 = Debug|Any CPU
		{0CDA192E-3109-4EAA-9785-E7C64E40C946}.AppStore|ARM.ActiveCfg = Debug|Any CPU
		{0CDA192E-3109-4EAA-9785-E7C64E40C946}.AppStore|ARM.Build.0 = Debug|Any CPU
		{0CDA192E-3109-4EAA-9785-E7C64E40C946}.AppStore|ARM64.ActiveCfg = Debug|Any CPU
		{0CDA192E-3109-4EAA-9785-E7C64E40C946}.AppStore|ARM64.Build.0 = Debug|Any CPU
		{0CDA192E-3109-4EAA-9785-E7C64E40C946}.AppStore|iPhone.ActiveCfg = Debug|Any CPU
		{0CDA192E-3109-4EAA-9785-E7C64E40C946}.AppStore|iPhone.Build.0 = Debug|Any CPU
		{0CDA192E-3109-4EAA-9785-E7C64E40C946}.AppStore|iPhoneSimulator.ActiveCfg = Debug|Any CPU
		{0CDA192E-3109-4EAA-9785-E7C64E40C946}.AppStore|iPhoneSimulator.Build.0 = Debug|Any CPU
		{0CDA192E-3109-4EAA-9785-E7C64E40C946}.AppStore|x64.ActiveCfg = Debug|Any CPU
		{0CDA192E-3109-4EAA-9785-E7C64E40C946}.AppStore|x64.Build.0 = Debug|Any CPU
		{0CDA192E-3109-4EAA-9785-E7C64E40C946}.AppStore|x86.ActiveCfg = Debug|Any CPU
		{0CDA192E-3109-4EAA-9785-E7C64E40C946}.AppStore|x86.Build.0 = Debug|Any CPU
		{0CDA192E-3109-4EAA-9785-E7C64E40C946}.Debug|Any CPU.ActiveCfg = Debug|Any CPU
		{0CDA192E-3109-4EAA-9785-E7C64E40C946}.Debug|Any CPU.Build.0 = Debug|Any CPU
		{0CDA192E-3109-4EAA-9785-E7C64E40C946}.Debug|ARM.ActiveCfg = Debug|Any CPU
		{0CDA192E-3109-4EAA-9785-E7C64E40C946}.Debug|ARM.Build.0 = Debug|Any CPU
		{0CDA192E-3109-4EAA-9785-E7C64E40C946}.Debug|ARM64.ActiveCfg = Debug|Any CPU
		{0CDA192E-3109-4EAA-9785-E7C64E40C946}.Debug|ARM64.Build.0 = Debug|Any CPU
		{0CDA192E-3109-4EAA-9785-E7C64E40C946}.Debug|iPhone.ActiveCfg = Debug|Any CPU
		{0CDA192E-3109-4EAA-9785-E7C64E40C946}.Debug|iPhone.Build.0 = Debug|Any CPU
		{0CDA192E-3109-4EAA-9785-E7C64E40C946}.Debug|iPhoneSimulator.ActiveCfg = Debug|Any CPU
		{0CDA192E-3109-4EAA-9785-E7C64E40C946}.Debug|iPhoneSimulator.Build.0 = Debug|Any CPU
		{0CDA192E-3109-4EAA-9785-E7C64E40C946}.Debug|x64.ActiveCfg = Debug|Any CPU
		{0CDA192E-3109-4EAA-9785-E7C64E40C946}.Debug|x64.Build.0 = Debug|Any CPU
		{0CDA192E-3109-4EAA-9785-E7C64E40C946}.Debug|x86.ActiveCfg = Debug|Any CPU
		{0CDA192E-3109-4EAA-9785-E7C64E40C946}.Debug|x86.Build.0 = Debug|Any CPU
		{0CDA192E-3109-4EAA-9785-E7C64E40C946}.Release|Any CPU.ActiveCfg = Release|Any CPU
		{0CDA192E-3109-4EAA-9785-E7C64E40C946}.Release|Any CPU.Build.0 = Release|Any CPU
		{0CDA192E-3109-4EAA-9785-E7C64E40C946}.Release|ARM.ActiveCfg = Release|Any CPU
		{0CDA192E-3109-4EAA-9785-E7C64E40C946}.Release|ARM.Build.0 = Release|Any CPU
		{0CDA192E-3109-4EAA-9785-E7C64E40C946}.Release|ARM64.ActiveCfg = Release|Any CPU
		{0CDA192E-3109-4EAA-9785-E7C64E40C946}.Release|ARM64.Build.0 = Release|Any CPU
		{0CDA192E-3109-4EAA-9785-E7C64E40C946}.Release|iPhone.ActiveCfg = Release|Any CPU
		{0CDA192E-3109-4EAA-9785-E7C64E40C946}.Release|iPhone.Build.0 = Release|Any CPU
		{0CDA192E-3109-4EAA-9785-E7C64E40C946}.Release|iPhoneSimulator.ActiveCfg = Release|Any CPU
		{0CDA192E-3109-4EAA-9785-E7C64E40C946}.Release|iPhoneSimulator.Build.0 = Release|Any CPU
		{0CDA192E-3109-4EAA-9785-E7C64E40C946}.Release|x64.ActiveCfg = Release|Any CPU
		{0CDA192E-3109-4EAA-9785-E7C64E40C946}.Release|x64.Build.0 = Release|Any CPU
		{0CDA192E-3109-4EAA-9785-E7C64E40C946}.Release|x86.ActiveCfg = Release|Any CPU
		{0CDA192E-3109-4EAA-9785-E7C64E40C946}.Release|x86.Build.0 = Release|Any CPU
	EndGlobalSection
	GlobalSection(SolutionProperties) = preSolution
		HideSolutionNode = FALSE
	EndGlobalSection
	GlobalSection(NestedProjects) = preSolution
		{D1CAC290-29BC-45FB-88B9-D9D8A993611C} = {A40B2D8C-48F4-44E2-AC00-826A31E287F5}
		{D20EC36E-70F8-419D-8B7F-9BFE15D88818} = {D1CAC290-29BC-45FB-88B9-D9D8A993611C}
		{1F346C7D-FC31-4ABF-AD94-4DE56D3995F8} = {D1CAC290-29BC-45FB-88B9-D9D8A993611C}
		{E826C775-C1D5-4F7C-BB53-30EA9781BA06} = {D1CAC290-29BC-45FB-88B9-D9D8A993611C}
		{B10C2D26-4F0F-4986-8CA7-086CB923EABD} = {D1CAC290-29BC-45FB-88B9-D9D8A993611C}
		{068DCC33-0515-4BF5-B73F-580A6FAAC88F} = {D1CAC290-29BC-45FB-88B9-D9D8A993611C}
		{F30ACF94-C5AE-4BAF-89F8-9094E18E22B0} = {D1CAC290-29BC-45FB-88B9-D9D8A993611C}
		{E8726FE8-7692-459B-B346-CB84CE12A4EE} = {D1CAC290-29BC-45FB-88B9-D9D8A993611C}
		{41FF475A-8DFA-41B6-A95C-0F26F9F8EA3B} = {D1CAC290-29BC-45FB-88B9-D9D8A993611C}
		{0CDA192E-3109-4EAA-9785-E7C64E40C946} = {D1CAC290-29BC-45FB-88B9-D9D8A993611C}
		{6AEB3204-E9AC-4C3A-8A5C-CB34754559C5} = {A40B2D8C-48F4-44E2-AC00-826A31E287F5}
	EndGlobalSection
	GlobalSection(ExtensibilityGlobals) = postSolution
		SolutionGuid = {36FFC152-7772-46D8-B7F0-DC925B3051E1}
	EndGlobalSection
EndGlobal
